// !$*UTF8*$!
{
	archiveVersion = 1;
	classes = {
	};
	objectVersion = 56;
	objects = {

/* Begin PBXBuildFile section */
		DFEB873A2B16341C004485CD /* AppDelegate.swift in Sources */ = {isa = PBXBuildFile; fileRef = DFEB87392B16341C004485CD /* AppDelegate.swift */; };
		DFEB873C2B16341C004485CD /* SceneDelegate.swift in Sources */ = {isa = PBXBuildFile; fileRef = DFEB873B2B16341C004485CD /* SceneDelegate.swift */; };
		DFEB873F2B16341C004485CD /* LaunchScreen.storyboard in Resources */ = {isa = PBXBuildFile; fileRef = DFEB873D2B16341C004485CD /* LaunchScreen.storyboard */; };
		DFEB87422B16341C004485CD /* Main.storyboard in Resources */ = {isa = PBXBuildFile; fileRef = DFEB87402B16341C004485CD /* Main.storyboard */; };
		DFEB874B2B16341C004485CD /* AppDelegate.swift in Sources */ = {isa = PBXBuildFile; fileRef = DFEB874A2B16341C004485CD /* AppDelegate.swift */; };
		DFEB874E2B16341C004485CD /* Main.storyboard in Resources */ = {isa = PBXBuildFile; fileRef = DFEB874C2B16341C004485CD /* Main.storyboard */; };
		DFEB87562B16341D004485CD /* Vega Wallet - Fairground Extension.appex in Embed Foundation Extensions */ = {isa = PBXBuildFile; fileRef = DFEB87552B16341D004485CD /* Vega Wallet - Fairground Extension.appex */; settings = {ATTRIBUTES = (RemoveHeadersOnCopy, ); }; };
		DFEB87602B16341D004485CD /* Vega Wallet - Fairground Extension.appex in Embed Foundation Extensions */ = {isa = PBXBuildFile; fileRef = DFEB875F2B16341D004485CD /* Vega Wallet - Fairground Extension.appex */; settings = {ATTRIBUTES = (RemoveHeadersOnCopy, ); }; };
		DFEB87662B16341D004485CD /* Main.html in Resources */ = {isa = PBXBuildFile; fileRef = DFEB87292B16341C004485CD /* Main.html */; };
		DFEB87672B16341D004485CD /* Main.html in Resources */ = {isa = PBXBuildFile; fileRef = DFEB87292B16341C004485CD /* Main.html */; };
		DFEB87682B16341D004485CD /* Icon.png in Resources */ = {isa = PBXBuildFile; fileRef = DFEB872B2B16341C004485CD /* Icon.png */; };
		DFEB87692B16341D004485CD /* Icon.png in Resources */ = {isa = PBXBuildFile; fileRef = DFEB872B2B16341C004485CD /* Icon.png */; };
		DFEB876A2B16341D004485CD /* Style.css in Resources */ = {isa = PBXBuildFile; fileRef = DFEB872C2B16341C004485CD /* Style.css */; };
		DFEB876B2B16341D004485CD /* Style.css in Resources */ = {isa = PBXBuildFile; fileRef = DFEB872C2B16341C004485CD /* Style.css */; };
		DFEB876C2B16341D004485CD /* Script.js in Resources */ = {isa = PBXBuildFile; fileRef = DFEB872D2B16341C004485CD /* Script.js */; };
		DFEB876D2B16341D004485CD /* Script.js in Resources */ = {isa = PBXBuildFile; fileRef = DFEB872D2B16341C004485CD /* Script.js */; };
		DFEB876E2B16341D004485CD /* ViewController.swift in Sources */ = {isa = PBXBuildFile; fileRef = DFEB872E2B16341C004485CD /* ViewController.swift */; };
		DFEB876F2B16341D004485CD /* ViewController.swift in Sources */ = {isa = PBXBuildFile; fileRef = DFEB872E2B16341C004485CD /* ViewController.swift */; };
		DFEB87702B16341D004485CD /* Assets.xcassets in Resources */ = {isa = PBXBuildFile; fileRef = DFEB872F2B16341C004485CD /* Assets.xcassets */; };
		DFEB87712B16341D004485CD /* Assets.xcassets in Resources */ = {isa = PBXBuildFile; fileRef = DFEB872F2B16341C004485CD /* Assets.xcassets */; };
		DFEB87722B16341D004485CD /* SafariWebExtensionHandler.swift in Sources */ = {isa = PBXBuildFile; fileRef = DFEB87312B16341C004485CD /* SafariWebExtensionHandler.swift */; };
		DFEB87732B16341D004485CD /* SafariWebExtensionHandler.swift in Sources */ = {isa = PBXBuildFile; fileRef = DFEB87312B16341C004485CD /* SafariWebExtensionHandler.swift */; };
		DFEB879D2B16341D004485CD /* Fairground-64x64.png in Resources */ = {isa = PBXBuildFile; fileRef = DFEB87852B16341D004485CD /* Fairground-64x64.png */; };
		DFEB879E2B16341D004485CD /* Mainnet-48x48.png in Resources */ = {isa = PBXBuildFile; fileRef = DFEB87862B16341D004485CD /* Mainnet-48x48.png */; };
		DFEB879F2B16341D004485CD /* Fairground-32x32.png in Resources */ = {isa = PBXBuildFile; fileRef = DFEB87872B16341D004485CD /* Fairground-32x32.png */; };
		DFEB87A02B16341D004485CD /* popup.js in Resources */ = {isa = PBXBuildFile; fileRef = DFEB87882B16341D004485CD /* popup.js */; };
		DFEB87A12B16341D004485CD /* index.html in Resources */ = {isa = PBXBuildFile; fileRef = DFEB87892B16341D004485CD /* index.html */; };
		DFEB87A22B16341D004485CD /* Mainnet-96x96.png in Resources */ = {isa = PBXBuildFile; fileRef = DFEB878A2B16341D004485CD /* Mainnet-96x96.png */; };
		DFEB87A32B16341D004485CD /* background.js in Resources */ = {isa = PBXBuildFile; fileRef = DFEB878B2B16341D004485CD /* background.js */; };
		DFEB87A42B16341D004485CD /* Mainnet-64x64.png in Resources */ = {isa = PBXBuildFile; fileRef = DFEB878C2B16341D004485CD /* Mainnet-64x64.png */; };
		DFEB87A52B16341D004485CD /* Fairground-48x48.png in Resources */ = {isa = PBXBuildFile; fileRef = DFEB878D2B16341D004485CD /* Fairground-48x48.png */; };
		DFEB87A62B16341D004485CD /* Mainnet-128x128.png in Resources */ = {isa = PBXBuildFile; fileRef = DFEB878E2B16341D004485CD /* Mainnet-128x128.png */; };
		DFEB87A72B16341D004485CD /* chrome-pow.html in Resources */ = {isa = PBXBuildFile; fileRef = DFEB878F2B16341D004485CD /* chrome-pow.html */; };
		DFEB87A82B16341D004485CD /* chrome-pow.js in Resources */ = {isa = PBXBuildFile; fileRef = DFEB87902B16341D004485CD /* chrome-pow.js */; };
		DFEB87A92B16341D004485CD /* Fairground-96x96.png in Resources */ = {isa = PBXBuildFile; fileRef = DFEB87912B16341D004485CD /* Fairground-96x96.png */; };
		DFEB87AA2B16341D004485CD /* Mainnet-32x32.png in Resources */ = {isa = PBXBuildFile; fileRef = DFEB87922B16341D004485CD /* Mainnet-32x32.png */; };
		DFEB87AB2B16341D004485CD /* AlphaLyrae-Medium.woff2 in Resources */ = {isa = PBXBuildFile; fileRef = DFEB87932B16341D004485CD /* AlphaLyrae-Medium.woff2 */; };
		DFEB87AC2B16341D004485CD /* Fairground-128x128.png in Resources */ = {isa = PBXBuildFile; fileRef = DFEB87942B16341D004485CD /* Fairground-128x128.png */; };
		DFEB87AD2B16341D004485CD /* pow-worker.js in Resources */ = {isa = PBXBuildFile; fileRef = DFEB87952B16341D004485CD /* pow-worker.js */; };
		DFEB87AE2B16341D004485CD /* Mainnet-16x16.png in Resources */ = {isa = PBXBuildFile; fileRef = DFEB87962B16341D004485CD /* Mainnet-16x16.png */; };
		DFEB87AF2B16341D004485CD /* manifest.json in Resources */ = {isa = PBXBuildFile; fileRef = DFEB87972B16341D004485CD /* manifest.json */; };
		DFEB87B02B16341D004485CD /* question-mark.png in Resources */ = {isa = PBXBuildFile; fileRef = DFEB87982B16341D004485CD /* question-mark.png */; };
		DFEB87B12B16341D004485CD /* content-script.js in Resources */ = {isa = PBXBuildFile; fileRef = DFEB87992B16341D004485CD /* content-script.js */; };
		DFEB87B22B16341D004485CD /* in-page.js in Resources */ = {isa = PBXBuildFile; fileRef = DFEB879A2B16341D004485CD /* in-page.js */; };
		DFEB87B32B16341D004485CD /* Fairground-16x16.png in Resources */ = {isa = PBXBuildFile; fileRef = DFEB879B2B16341D004485CD /* Fairground-16x16.png */; };
		DFEB87B42B16341D004485CD /* stars.png in Resources */ = {isa = PBXBuildFile; fileRef = DFEB879C2B16341D004485CD /* stars.png */; };
		DFEB87B52B16341D004485CD /* Fairground-64x64.png in Resources */ = {isa = PBXBuildFile; fileRef = DFEB87852B16341D004485CD /* Fairground-64x64.png */; };
		DFEB87B62B16341D004485CD /* Mainnet-48x48.png in Resources */ = {isa = PBXBuildFile; fileRef = DFEB87862B16341D004485CD /* Mainnet-48x48.png */; };
		DFEB87B72B16341D004485CD /* Fairground-32x32.png in Resources */ = {isa = PBXBuildFile; fileRef = DFEB87872B16341D004485CD /* Fairground-32x32.png */; };
		DFEB87B82B16341D004485CD /* popup.js in Resources */ = {isa = PBXBuildFile; fileRef = DFEB87882B16341D004485CD /* popup.js */; };
		DFEB87B92B16341D004485CD /* index.html in Resources */ = {isa = PBXBuildFile; fileRef = DFEB87892B16341D004485CD /* index.html */; };
		DFEB87BA2B16341D004485CD /* Mainnet-96x96.png in Resources */ = {isa = PBXBuildFile; fileRef = DFEB878A2B16341D004485CD /* Mainnet-96x96.png */; };
		DFEB87BB2B16341D004485CD /* background.js in Resources */ = {isa = PBXBuildFile; fileRef = DFEB878B2B16341D004485CD /* background.js */; };
		DFEB87BC2B16341D004485CD /* Mainnet-64x64.png in Resources */ = {isa = PBXBuildFile; fileRef = DFEB878C2B16341D004485CD /* Mainnet-64x64.png */; };
		DFEB87BD2B16341D004485CD /* Fairground-48x48.png in Resources */ = {isa = PBXBuildFile; fileRef = DFEB878D2B16341D004485CD /* Fairground-48x48.png */; };
		DFEB87BE2B16341D004485CD /* Mainnet-128x128.png in Resources */ = {isa = PBXBuildFile; fileRef = DFEB878E2B16341D004485CD /* Mainnet-128x128.png */; };
		DFEB87BF2B16341D004485CD /* chrome-pow.html in Resources */ = {isa = PBXBuildFile; fileRef = DFEB878F2B16341D004485CD /* chrome-pow.html */; };
		DFEB87C02B16341D004485CD /* chrome-pow.js in Resources */ = {isa = PBXBuildFile; fileRef = DFEB87902B16341D004485CD /* chrome-pow.js */; };
		DFEB87C12B16341D004485CD /* Fairground-96x96.png in Resources */ = {isa = PBXBuildFile; fileRef = DFEB87912B16341D004485CD /* Fairground-96x96.png */; };
		DFEB87C22B16341D004485CD /* Mainnet-32x32.png in Resources */ = {isa = PBXBuildFile; fileRef = DFEB87922B16341D004485CD /* Mainnet-32x32.png */; };
		DFEB87C32B16341D004485CD /* AlphaLyrae-Medium.woff2 in Resources */ = {isa = PBXBuildFile; fileRef = DFEB87932B16341D004485CD /* AlphaLyrae-Medium.woff2 */; };
		DFEB87C42B16341D004485CD /* Fairground-128x128.png in Resources */ = {isa = PBXBuildFile; fileRef = DFEB87942B16341D004485CD /* Fairground-128x128.png */; };
		DFEB87C52B16341D004485CD /* pow-worker.js in Resources */ = {isa = PBXBuildFile; fileRef = DFEB87952B16341D004485CD /* pow-worker.js */; };
		DFEB87C62B16341D004485CD /* Mainnet-16x16.png in Resources */ = {isa = PBXBuildFile; fileRef = DFEB87962B16341D004485CD /* Mainnet-16x16.png */; };
		DFEB87C72B16341D004485CD /* manifest.json in Resources */ = {isa = PBXBuildFile; fileRef = DFEB87972B16341D004485CD /* manifest.json */; };
		DFEB87C82B16341D004485CD /* question-mark.png in Resources */ = {isa = PBXBuildFile; fileRef = DFEB87982B16341D004485CD /* question-mark.png */; };
		DFEB87C92B16341D004485CD /* content-script.js in Resources */ = {isa = PBXBuildFile; fileRef = DFEB87992B16341D004485CD /* content-script.js */; };
		DFEB87CA2B16341D004485CD /* in-page.js in Resources */ = {isa = PBXBuildFile; fileRef = DFEB879A2B16341D004485CD /* in-page.js */; };
		DFEB87CB2B16341D004485CD /* Fairground-16x16.png in Resources */ = {isa = PBXBuildFile; fileRef = DFEB879B2B16341D004485CD /* Fairground-16x16.png */; };
		DFEB87CC2B16341D004485CD /* stars.png in Resources */ = {isa = PBXBuildFile; fileRef = DFEB879C2B16341D004485CD /* stars.png */; };
/* End PBXBuildFile section */

/* Begin PBXContainerItemProxy section */
		DFEB87572B16341D004485CD /* PBXContainerItemProxy */ = {
			isa = PBXContainerItemProxy;
			containerPortal = DFEB87232B16341C004485CD /* Project object */;
			proxyType = 1;
			remoteGlobalIDString = DFEB87542B16341D004485CD;
			remoteInfo = "Vega Wallet - Fairground Extension (iOS)";
		};
		DFEB87612B16341D004485CD /* PBXContainerItemProxy */ = {
			isa = PBXContainerItemProxy;
			containerPortal = DFEB87232B16341C004485CD /* Project object */;
			proxyType = 1;
			remoteGlobalIDString = DFEB875E2B16341D004485CD;
			remoteInfo = "Vega Wallet - Fairground Extension (macOS)";
		};
/* End PBXContainerItemProxy section */

/* Begin PBXCopyFilesBuildPhase section */
		DFEB87792B16341D004485CD /* Embed Foundation Extensions */ = {
			isa = PBXCopyFilesBuildPhase;
			buildActionMask = 2147483647;
			dstPath = "";
			dstSubfolderSpec = 13;
			files = (
				DFEB87562B16341D004485CD /* Vega Wallet - Fairground Extension.appex in Embed Foundation Extensions */,
			);
			name = "Embed Foundation Extensions";
			runOnlyForDeploymentPostprocessing = 0;
		};
		DFEB87802B16341D004485CD /* Embed Foundation Extensions */ = {
			isa = PBXCopyFilesBuildPhase;
			buildActionMask = 2147483647;
			dstPath = "";
			dstSubfolderSpec = 13;
			files = (
				DFEB87602B16341D004485CD /* Vega Wallet - Fairground Extension.appex in Embed Foundation Extensions */,
			);
			name = "Embed Foundation Extensions";
			runOnlyForDeploymentPostprocessing = 0;
		};
/* End PBXCopyFilesBuildPhase section */

/* Begin PBXFileReference section */
		DFEB872A2B16341C004485CD /* Base */ = {isa = PBXFileReference; lastKnownFileType = text.html; name = Base; path = ../Base.lproj/Main.html; sourceTree = "<group>"; };
		DFEB872B2B16341C004485CD /* Icon.png */ = {isa = PBXFileReference; lastKnownFileType = image.png; path = Icon.png; sourceTree = "<group>"; };
		DFEB872C2B16341C004485CD /* Style.css */ = {isa = PBXFileReference; lastKnownFileType = text.css; path = Style.css; sourceTree = "<group>"; };
		DFEB872D2B16341C004485CD /* Script.js */ = {isa = PBXFileReference; lastKnownFileType = sourcecode.javascript; path = Script.js; sourceTree = "<group>"; };
		DFEB872E2B16341C004485CD /* ViewController.swift */ = {isa = PBXFileReference; lastKnownFileType = sourcecode.swift; path = ViewController.swift; sourceTree = "<group>"; };
		DFEB872F2B16341C004485CD /* Assets.xcassets */ = {isa = PBXFileReference; lastKnownFileType = folder.assetcatalog; path = Assets.xcassets; sourceTree = "<group>"; };
		DFEB87312B16341C004485CD /* SafariWebExtensionHandler.swift */ = {isa = PBXFileReference; lastKnownFileType = sourcecode.swift; path = SafariWebExtensionHandler.swift; sourceTree = "<group>"; };
		DFEB87362B16341C004485CD /* Vega Wallet - Fairground.app */ = {isa = PBXFileReference; explicitFileType = wrapper.application; includeInIndex = 0; path = "Vega Wallet - Fairground.app"; sourceTree = BUILT_PRODUCTS_DIR; };
		DFEB87392B16341C004485CD /* AppDelegate.swift */ = {isa = PBXFileReference; lastKnownFileType = sourcecode.swift; path = AppDelegate.swift; sourceTree = "<group>"; };
		DFEB873B2B16341C004485CD /* SceneDelegate.swift */ = {isa = PBXFileReference; lastKnownFileType = sourcecode.swift; path = SceneDelegate.swift; sourceTree = "<group>"; };
		DFEB873E2B16341C004485CD /* Base */ = {isa = PBXFileReference; lastKnownFileType = file.storyboard; name = Base; path = Base.lproj/LaunchScreen.storyboard; sourceTree = "<group>"; };
		DFEB87412B16341C004485CD /* Base */ = {isa = PBXFileReference; lastKnownFileType = file.storyboard; name = Base; path = Base.lproj/Main.storyboard; sourceTree = "<group>"; };
		DFEB87432B16341C004485CD /* Info.plist */ = {isa = PBXFileReference; lastKnownFileType = text.plist.xml; path = Info.plist; sourceTree = "<group>"; };
		DFEB87482B16341C004485CD /* Vega Wallet - Fairground.app */ = {isa = PBXFileReference; explicitFileType = wrapper.application; includeInIndex = 0; path = "Vega Wallet - Fairground.app"; sourceTree = BUILT_PRODUCTS_DIR; };
		DFEB874A2B16341C004485CD /* AppDelegate.swift */ = {isa = PBXFileReference; lastKnownFileType = sourcecode.swift; path = AppDelegate.swift; sourceTree = "<group>"; };
		DFEB874D2B16341C004485CD /* Base */ = {isa = PBXFileReference; lastKnownFileType = file.storyboard; name = Base; path = Base.lproj/Main.storyboard; sourceTree = "<group>"; };
		DFEB874F2B16341C004485CD /* Info.plist */ = {isa = PBXFileReference; lastKnownFileType = text.plist.xml; path = Info.plist; sourceTree = "<group>"; };
		DFEB87502B16341C004485CD /* Vega Wallet - Fairground.entitlements */ = {isa = PBXFileReference; lastKnownFileType = text.plist.entitlements; path = "Vega Wallet - Fairground.entitlements"; sourceTree = "<group>"; };
		DFEB87552B16341D004485CD /* Vega Wallet - Fairground Extension.appex */ = {isa = PBXFileReference; explicitFileType = "wrapper.app-extension"; includeInIndex = 0; path = "Vega Wallet - Fairground Extension.appex"; sourceTree = BUILT_PRODUCTS_DIR; };
		DFEB875A2B16341D004485CD /* Info.plist */ = {isa = PBXFileReference; lastKnownFileType = text.plist.xml; path = Info.plist; sourceTree = "<group>"; };
		DFEB875F2B16341D004485CD /* Vega Wallet - Fairground Extension.appex */ = {isa = PBXFileReference; explicitFileType = "wrapper.app-extension"; includeInIndex = 0; path = "Vega Wallet - Fairground Extension.appex"; sourceTree = BUILT_PRODUCTS_DIR; };
		DFEB87642B16341D004485CD /* Info.plist */ = {isa = PBXFileReference; lastKnownFileType = text.plist.xml; path = Info.plist; sourceTree = "<group>"; };
		DFEB87652B16341D004485CD /* Vega Wallet - Fairground.entitlements */ = {isa = PBXFileReference; lastKnownFileType = text.plist.entitlements; path = "Vega Wallet - Fairground.entitlements"; sourceTree = "<group>"; };
		DFEB87852B16341D004485CD /* Fairground-64x64.png */ = {isa = PBXFileReference; lastKnownFileType = image.png; name = "Fairground-64x64.png"; path = "../../../build/safari/Fairground-64x64.png"; sourceTree = "<group>"; };
		DFEB87862B16341D004485CD /* Mainnet-48x48.png */ = {isa = PBXFileReference; lastKnownFileType = image.png; name = "Mainnet-48x48.png"; path = "../../../build/safari/Mainnet-48x48.png"; sourceTree = "<group>"; };
		DFEB87872B16341D004485CD /* Fairground-32x32.png */ = {isa = PBXFileReference; lastKnownFileType = image.png; name = "Fairground-32x32.png"; path = "../../../build/safari/Fairground-32x32.png"; sourceTree = "<group>"; };
		DFEB87882B16341D004485CD /* popup.js */ = {isa = PBXFileReference; lastKnownFileType = sourcecode.javascript; name = popup.js; path = ../../../build/safari/popup.js; sourceTree = "<group>"; };
		DFEB87892B16341D004485CD /* index.html */ = {isa = PBXFileReference; lastKnownFileType = text.html; name = index.html; path = ../../../build/safari/index.html; sourceTree = "<group>"; };
		DFEB878A2B16341D004485CD /* Mainnet-96x96.png */ = {isa = PBXFileReference; lastKnownFileType = image.png; name = "Mainnet-96x96.png"; path = "../../../build/safari/Mainnet-96x96.png"; sourceTree = "<group>"; };
		DFEB878B2B16341D004485CD /* background.js */ = {isa = PBXFileReference; lastKnownFileType = sourcecode.javascript; name = background.js; path = ../../../build/safari/background.js; sourceTree = "<group>"; };
		DFEB878C2B16341D004485CD /* Mainnet-64x64.png */ = {isa = PBXFileReference; lastKnownFileType = image.png; name = "Mainnet-64x64.png"; path = "../../../build/safari/Mainnet-64x64.png"; sourceTree = "<group>"; };
		DFEB878D2B16341D004485CD /* Fairground-48x48.png */ = {isa = PBXFileReference; lastKnownFileType = image.png; name = "Fairground-48x48.png"; path = "../../../build/safari/Fairground-48x48.png"; sourceTree = "<group>"; };
		DFEB878E2B16341D004485CD /* Mainnet-128x128.png */ = {isa = PBXFileReference; lastKnownFileType = image.png; name = "Mainnet-128x128.png"; path = "../../../build/safari/Mainnet-128x128.png"; sourceTree = "<group>"; };
		DFEB878F2B16341D004485CD /* chrome-pow.html */ = {isa = PBXFileReference; lastKnownFileType = text.html; name = "chrome-pow.html"; path = "../../../build/safari/chrome-pow.html"; sourceTree = "<group>"; };
		DFEB87902B16341D004485CD /* chrome-pow.js */ = {isa = PBXFileReference; lastKnownFileType = sourcecode.javascript; name = "chrome-pow.js"; path = "../../../build/safari/chrome-pow.js"; sourceTree = "<group>"; };
		DFEB87912B16341D004485CD /* Fairground-96x96.png */ = {isa = PBXFileReference; lastKnownFileType = image.png; name = "Fairground-96x96.png"; path = "../../../build/safari/Fairground-96x96.png"; sourceTree = "<group>"; };
		DFEB87922B16341D004485CD /* Mainnet-32x32.png */ = {isa = PBXFileReference; lastKnownFileType = image.png; name = "Mainnet-32x32.png"; path = "../../../build/safari/Mainnet-32x32.png"; sourceTree = "<group>"; };
		DFEB87932B16341D004485CD /* AlphaLyrae-Medium.woff2 */ = {isa = PBXFileReference; lastKnownFileType = file; name = "AlphaLyrae-Medium.woff2"; path = "../../../build/safari/AlphaLyrae-Medium.woff2"; sourceTree = "<group>"; };
		DFEB87942B16341D004485CD /* Fairground-128x128.png */ = {isa = PBXFileReference; lastKnownFileType = image.png; name = "Fairground-128x128.png"; path = "../../../build/safari/Fairground-128x128.png"; sourceTree = "<group>"; };
		DFEB87952B16341D004485CD /* pow-worker.js */ = {isa = PBXFileReference; lastKnownFileType = sourcecode.javascript; name = "pow-worker.js"; path = "../../../build/safari/pow-worker.js"; sourceTree = "<group>"; };
		DFEB87962B16341D004485CD /* Mainnet-16x16.png */ = {isa = PBXFileReference; lastKnownFileType = image.png; name = "Mainnet-16x16.png"; path = "../../../build/safari/Mainnet-16x16.png"; sourceTree = "<group>"; };
		DFEB87972B16341D004485CD /* manifest.json */ = {isa = PBXFileReference; lastKnownFileType = text.json; name = manifest.json; path = ../../../build/safari/manifest.json; sourceTree = "<group>"; };
		DFEB87982B16341D004485CD /* question-mark.png */ = {isa = PBXFileReference; lastKnownFileType = image.png; name = "question-mark.png"; path = "../../../build/safari/question-mark.png"; sourceTree = "<group>"; };
		DFEB87992B16341D004485CD /* content-script.js */ = {isa = PBXFileReference; lastKnownFileType = sourcecode.javascript; name = "content-script.js"; path = "../../../build/safari/content-script.js"; sourceTree = "<group>"; };
		DFEB879A2B16341D004485CD /* in-page.js */ = {isa = PBXFileReference; lastKnownFileType = sourcecode.javascript; name = "in-page.js"; path = "../../../build/safari/in-page.js"; sourceTree = "<group>"; };
		DFEB879B2B16341D004485CD /* Fairground-16x16.png */ = {isa = PBXFileReference; lastKnownFileType = image.png; name = "Fairground-16x16.png"; path = "../../../build/safari/Fairground-16x16.png"; sourceTree = "<group>"; };
		DFEB879C2B16341D004485CD /* stars.png */ = {isa = PBXFileReference; lastKnownFileType = image.png; name = stars.png; path = ../../../build/safari/stars.png; sourceTree = "<group>"; };
/* End PBXFileReference section */

/* Begin PBXFrameworksBuildPhase section */
		DFEB87332B16341C004485CD /* Frameworks */ = {
			isa = PBXFrameworksBuildPhase;
			buildActionMask = 2147483647;
			files = (
			);
			runOnlyForDeploymentPostprocessing = 0;
		};
		DFEB87452B16341C004485CD /* Frameworks */ = {
			isa = PBXFrameworksBuildPhase;
			buildActionMask = 2147483647;
			files = (
			);
			runOnlyForDeploymentPostprocessing = 0;
		};
		DFEB87522B16341D004485CD /* Frameworks */ = {
			isa = PBXFrameworksBuildPhase;
			buildActionMask = 2147483647;
			files = (
			);
			runOnlyForDeploymentPostprocessing = 0;
		};
		DFEB875C2B16341D004485CD /* Frameworks */ = {
			isa = PBXFrameworksBuildPhase;
			buildActionMask = 2147483647;
			files = (
			);
			runOnlyForDeploymentPostprocessing = 0;
		};
/* End PBXFrameworksBuildPhase section */

/* Begin PBXGroup section */
		DFEB87222B16341C004485CD = {
			isa = PBXGroup;
			children = (
				DFEB87272B16341C004485CD /* Shared (App) */,
				DFEB87302B16341C004485CD /* Shared (Extension) */,
				DFEB87382B16341C004485CD /* iOS (App) */,
				DFEB87492B16341C004485CD /* macOS (App) */,
				DFEB87592B16341D004485CD /* iOS (Extension) */,
				DFEB87632B16341D004485CD /* macOS (Extension) */,
				DFEB87372B16341C004485CD /* Products */,
			);
			sourceTree = "<group>";
		};
		DFEB87272B16341C004485CD /* Shared (App) */ = {
			isa = PBXGroup;
			children = (
				DFEB872E2B16341C004485CD /* ViewController.swift */,
				DFEB872F2B16341C004485CD /* Assets.xcassets */,
				DFEB87282B16341C004485CD /* Resources */,
			);
			path = "Shared (App)";
			sourceTree = "<group>";
		};
		DFEB87282B16341C004485CD /* Resources */ = {
			isa = PBXGroup;
			children = (
				DFEB87292B16341C004485CD /* Main.html */,
				DFEB872B2B16341C004485CD /* Icon.png */,
				DFEB872C2B16341C004485CD /* Style.css */,
				DFEB872D2B16341C004485CD /* Script.js */,
			);
			path = Resources;
			sourceTree = "<group>";
		};
		DFEB87302B16341C004485CD /* Shared (Extension) */ = {
			isa = PBXGroup;
			children = (
				DFEB87842B16341D004485CD /* Resources */,
				DFEB87312B16341C004485CD /* SafariWebExtensionHandler.swift */,
			);
			path = "Shared (Extension)";
			sourceTree = "<group>";
		};
		DFEB87372B16341C004485CD /* Products */ = {
			isa = PBXGroup;
			children = (
				DFEB87362B16341C004485CD /* Vega Wallet - Fairground.app */,
				DFEB87482B16341C004485CD /* Vega Wallet - Fairground.app */,
				DFEB87552B16341D004485CD /* Vega Wallet - Fairground Extension.appex */,
				DFEB875F2B16341D004485CD /* Vega Wallet - Fairground Extension.appex */,
			);
			name = Products;
			sourceTree = "<group>";
		};
		DFEB87382B16341C004485CD /* iOS (App) */ = {
			isa = PBXGroup;
			children = (
				DFEB87392B16341C004485CD /* AppDelegate.swift */,
				DFEB873B2B16341C004485CD /* SceneDelegate.swift */,
				DFEB873D2B16341C004485CD /* LaunchScreen.storyboard */,
				DFEB87402B16341C004485CD /* Main.storyboard */,
				DFEB87432B16341C004485CD /* Info.plist */,
			);
			path = "iOS (App)";
			sourceTree = "<group>";
		};
		DFEB87492B16341C004485CD /* macOS (App) */ = {
			isa = PBXGroup;
			children = (
				DFEB874A2B16341C004485CD /* AppDelegate.swift */,
				DFEB874C2B16341C004485CD /* Main.storyboard */,
				DFEB874F2B16341C004485CD /* Info.plist */,
				DFEB87502B16341C004485CD /* Vega Wallet - Fairground.entitlements */,
			);
			path = "macOS (App)";
			sourceTree = "<group>";
		};
		DFEB87592B16341D004485CD /* iOS (Extension) */ = {
			isa = PBXGroup;
			children = (
				DFEB875A2B16341D004485CD /* Info.plist */,
			);
			path = "iOS (Extension)";
			sourceTree = "<group>";
		};
		DFEB87632B16341D004485CD /* macOS (Extension) */ = {
			isa = PBXGroup;
			children = (
				DFEB87642B16341D004485CD /* Info.plist */,
				DFEB87652B16341D004485CD /* Vega Wallet - Fairground.entitlements */,
			);
			path = "macOS (Extension)";
			sourceTree = "<group>";
		};
		DFEB87842B16341D004485CD /* Resources */ = {
			isa = PBXGroup;
			children = (
				DFEB87852B16341D004485CD /* Fairground-64x64.png */,
				DFEB87862B16341D004485CD /* Mainnet-48x48.png */,
				DFEB87872B16341D004485CD /* Fairground-32x32.png */,
				DFEB87882B16341D004485CD /* popup.js */,
				DFEB87892B16341D004485CD /* index.html */,
				DFEB878A2B16341D004485CD /* Mainnet-96x96.png */,
				DFEB878B2B16341D004485CD /* background.js */,
				DFEB878C2B16341D004485CD /* Mainnet-64x64.png */,
				DFEB878D2B16341D004485CD /* Fairground-48x48.png */,
				DFEB878E2B16341D004485CD /* Mainnet-128x128.png */,
				DFEB878F2B16341D004485CD /* chrome-pow.html */,
				DFEB87902B16341D004485CD /* chrome-pow.js */,
				DFEB87912B16341D004485CD /* Fairground-96x96.png */,
				DFEB87922B16341D004485CD /* Mainnet-32x32.png */,
				DFEB87932B16341D004485CD /* AlphaLyrae-Medium.woff2 */,
				DFEB87942B16341D004485CD /* Fairground-128x128.png */,
				DFEB87952B16341D004485CD /* pow-worker.js */,
				DFEB87962B16341D004485CD /* Mainnet-16x16.png */,
				DFEB87972B16341D004485CD /* manifest.json */,
				DFEB87982B16341D004485CD /* question-mark.png */,
				DFEB87992B16341D004485CD /* content-script.js */,
				DFEB879A2B16341D004485CD /* in-page.js */,
				DFEB879B2B16341D004485CD /* Fairground-16x16.png */,
				DFEB879C2B16341D004485CD /* stars.png */,
			);
			name = Resources;
			path = "Shared (Extension)";
			sourceTree = SOURCE_ROOT;
		};
/* End PBXGroup section */

/* Begin PBXNativeTarget section */
		DFEB87352B16341C004485CD /* Vega Wallet - Fairground (iOS) */ = {
			isa = PBXNativeTarget;
			buildConfigurationList = DFEB877A2B16341D004485CD /* Build configuration list for PBXNativeTarget "Vega Wallet - Fairground (iOS)" */;
			buildPhases = (
				DFEB87322B16341C004485CD /* Sources */,
				DFEB87332B16341C004485CD /* Frameworks */,
				DFEB87342B16341C004485CD /* Resources */,
				DFEB87792B16341D004485CD /* Embed Foundation Extensions */,
			);
			buildRules = (
			);
			dependencies = (
				DFEB87582B16341D004485CD /* PBXTargetDependency */,
			);
			name = "Vega Wallet - Fairground (iOS)";
			productName = "Vega Wallet - Fairground (iOS)";
			productReference = DFEB87362B16341C004485CD /* Vega Wallet - Fairground.app */;
			productType = "com.apple.product-type.application";
		};
		DFEB87472B16341C004485CD /* Vega Wallet - Fairground (macOS) */ = {
			isa = PBXNativeTarget;
			buildConfigurationList = DFEB87812B16341D004485CD /* Build configuration list for PBXNativeTarget "Vega Wallet - Fairground (macOS)" */;
			buildPhases = (
				DFEB87442B16341C004485CD /* Sources */,
				DFEB87452B16341C004485CD /* Frameworks */,
				DFEB87462B16341C004485CD /* Resources */,
				DFEB87802B16341D004485CD /* Embed Foundation Extensions */,
			);
			buildRules = (
			);
			dependencies = (
				DFEB87622B16341D004485CD /* PBXTargetDependency */,
			);
			name = "Vega Wallet - Fairground (macOS)";
			productName = "Vega Wallet - Fairground (macOS)";
			productReference = DFEB87482B16341C004485CD /* Vega Wallet - Fairground.app */;
			productType = "com.apple.product-type.application";
		};
		DFEB87542B16341D004485CD /* Vega Wallet - Fairground Extension (iOS) */ = {
			isa = PBXNativeTarget;
			buildConfigurationList = DFEB87762B16341D004485CD /* Build configuration list for PBXNativeTarget "Vega Wallet - Fairground Extension (iOS)" */;
			buildPhases = (
				DFEB87512B16341D004485CD /* Sources */,
				DFEB87522B16341D004485CD /* Frameworks */,
				DFEB87532B16341D004485CD /* Resources */,
			);
			buildRules = (
			);
			dependencies = (
			);
			name = "Vega Wallet - Fairground Extension (iOS)";
			productName = "Vega Wallet - Fairground Extension (iOS)";
			productReference = DFEB87552B16341D004485CD /* Vega Wallet - Fairground Extension.appex */;
			productType = "com.apple.product-type.app-extension";
		};
		DFEB875E2B16341D004485CD /* Vega Wallet - Fairground Extension (macOS) */ = {
			isa = PBXNativeTarget;
			buildConfigurationList = DFEB877D2B16341D004485CD /* Build configuration list for PBXNativeTarget "Vega Wallet - Fairground Extension (macOS)" */;
			buildPhases = (
				DFEB875B2B16341D004485CD /* Sources */,
				DFEB875C2B16341D004485CD /* Frameworks */,
				DFEB875D2B16341D004485CD /* Resources */,
			);
			buildRules = (
			);
			dependencies = (
			);
			name = "Vega Wallet - Fairground Extension (macOS)";
			productName = "Vega Wallet - Fairground Extension (macOS)";
			productReference = DFEB875F2B16341D004485CD /* Vega Wallet - Fairground Extension.appex */;
			productType = "com.apple.product-type.app-extension";
		};
/* End PBXNativeTarget section */

/* Begin PBXProject section */
		DFEB87232B16341C004485CD /* Project object */ = {
			isa = PBXProject;
			attributes = {
				BuildIndependentTargetsInParallel = 1;
				LastSwiftUpdateCheck = 1500;
				LastUpgradeCheck = 1500;
				TargetAttributes = {
					DFEB87352B16341C004485CD = {
						CreatedOnToolsVersion = 15.0.1;
					};
					DFEB87472B16341C004485CD = {
						CreatedOnToolsVersion = 15.0.1;
					};
					DFEB87542B16341D004485CD = {
						CreatedOnToolsVersion = 15.0.1;
					};
					DFEB875E2B16341D004485CD = {
						CreatedOnToolsVersion = 15.0.1;
					};
				};
			};
			buildConfigurationList = DFEB87262B16341C004485CD /* Build configuration list for PBXProject "Vega Wallet - Fairground" */;
			compatibilityVersion = "Xcode 14.0";
			developmentRegion = en;
			hasScannedForEncodings = 0;
			knownRegions = (
				en,
				Base,
			);
			mainGroup = DFEB87222B16341C004485CD;
			productRefGroup = DFEB87372B16341C004485CD /* Products */;
			projectDirPath = "";
			projectRoot = "";
			targets = (
				DFEB87352B16341C004485CD /* Vega Wallet - Fairground (iOS) */,
				DFEB87472B16341C004485CD /* Vega Wallet - Fairground (macOS) */,
				DFEB87542B16341D004485CD /* Vega Wallet - Fairground Extension (iOS) */,
				DFEB875E2B16341D004485CD /* Vega Wallet - Fairground Extension (macOS) */,
			);
		};
/* End PBXProject section */

/* Begin PBXResourcesBuildPhase section */
		DFEB87342B16341C004485CD /* Resources */ = {
			isa = PBXResourcesBuildPhase;
			buildActionMask = 2147483647;
			files = (
				DFEB87682B16341D004485CD /* Icon.png in Resources */,
				DFEB873F2B16341C004485CD /* LaunchScreen.storyboard in Resources */,
				DFEB87662B16341D004485CD /* Main.html in Resources */,
				DFEB876C2B16341D004485CD /* Script.js in Resources */,
				DFEB87702B16341D004485CD /* Assets.xcassets in Resources */,
				DFEB87422B16341C004485CD /* Main.storyboard in Resources */,
				DFEB876A2B16341D004485CD /* Style.css in Resources */,
			);
			runOnlyForDeploymentPostprocessing = 0;
		};
		DFEB87462B16341C004485CD /* Resources */ = {
			isa = PBXResourcesBuildPhase;
			buildActionMask = 2147483647;
			files = (
				DFEB87692B16341D004485CD /* Icon.png in Resources */,
				DFEB876B2B16341D004485CD /* Style.css in Resources */,
				DFEB874E2B16341C004485CD /* Main.storyboard in Resources */,
				DFEB876D2B16341D004485CD /* Script.js in Resources */,
				DFEB87712B16341D004485CD /* Assets.xcassets in Resources */,
				DFEB87672B16341D004485CD /* Main.html in Resources */,
			);
			runOnlyForDeploymentPostprocessing = 0;
		};
		DFEB87532B16341D004485CD /* Resources */ = {
			isa = PBXResourcesBuildPhase;
			buildActionMask = 2147483647;
			files = (
				DFEB87C82B16341D004485CD /* question-mark.png in Resources */,
				DFEB87CC2B16341D004485CD /* stars.png in Resources */,
				DFEB87B92B16341D004485CD /* index.html in Resources */,
				DFEB87C32B16341D004485CD /* AlphaLyrae-Medium.woff2 in Resources */,
				DFEB87BE2B16341D004485CD /* Mainnet-128x128.png in Resources */,
				DFEB87BC2B16341D004485CD /* Mainnet-64x64.png in Resources */,
				DFEB87BF2B16341D004485CD /* chrome-pow.html in Resources */,
				DFEB87C42B16341D004485CD /* Fairground-128x128.png in Resources */,
				DFEB87C72B16341D004485CD /* manifest.json in Resources */,
				DFEB87C52B16341D004485CD /* pow-worker.js in Resources */,
				DFEB87C62B16341D004485CD /* Mainnet-16x16.png in Resources */,
				DFEB87CA2B16341D004485CD /* in-page.js in Resources */,
				DFEB87B52B16341D004485CD /* Fairground-64x64.png in Resources */,
				DFEB87C02B16341D004485CD /* chrome-pow.js in Resources */,
				DFEB87BB2B16341D004485CD /* background.js in Resources */,
				DFEB87B72B16341D004485CD /* Fairground-32x32.png in Resources */,
				DFEB87C92B16341D004485CD /* content-script.js in Resources */,
				DFEB87B62B16341D004485CD /* Mainnet-48x48.png in Resources */,
				DFEB87C22B16341D004485CD /* Mainnet-32x32.png in Resources */,
				DFEB87B82B16341D004485CD /* popup.js in Resources */,
				DFEB87C12B16341D004485CD /* Fairground-96x96.png in Resources */,
				DFEB87CB2B16341D004485CD /* Fairground-16x16.png in Resources */,
				DFEB87BA2B16341D004485CD /* Mainnet-96x96.png in Resources */,
				DFEB87BD2B16341D004485CD /* Fairground-48x48.png in Resources */,
			);
			runOnlyForDeploymentPostprocessing = 0;
		};
		DFEB875D2B16341D004485CD /* Resources */ = {
			isa = PBXResourcesBuildPhase;
			buildActionMask = 2147483647;
			files = (
				DFEB87B02B16341D004485CD /* question-mark.png in Resources */,
				DFEB87B42B16341D004485CD /* stars.png in Resources */,
				DFEB87A12B16341D004485CD /* index.html in Resources */,
				DFEB87AB2B16341D004485CD /* AlphaLyrae-Medium.woff2 in Resources */,
				DFEB87A62B16341D004485CD /* Mainnet-128x128.png in Resources */,
				DFEB87A42B16341D004485CD /* Mainnet-64x64.png in Resources */,
				DFEB87A72B16341D004485CD /* chrome-pow.html in Resources */,
				DFEB87AC2B16341D004485CD /* Fairground-128x128.png in Resources */,
				DFEB87AF2B16341D004485CD /* manifest.json in Resources */,
				DFEB87AD2B16341D004485CD /* pow-worker.js in Resources */,
				DFEB87AE2B16341D004485CD /* Mainnet-16x16.png in Resources */,
				DFEB87B22B16341D004485CD /* in-page.js in Resources */,
				DFEB879D2B16341D004485CD /* Fairground-64x64.png in Resources */,
				DFEB87A82B16341D004485CD /* chrome-pow.js in Resources */,
				DFEB87A32B16341D004485CD /* background.js in Resources */,
				DFEB879F2B16341D004485CD /* Fairground-32x32.png in Resources */,
				DFEB87B12B16341D004485CD /* content-script.js in Resources */,
				DFEB879E2B16341D004485CD /* Mainnet-48x48.png in Resources */,
				DFEB87AA2B16341D004485CD /* Mainnet-32x32.png in Resources */,
				DFEB87A02B16341D004485CD /* popup.js in Resources */,
				DFEB87A92B16341D004485CD /* Fairground-96x96.png in Resources */,
				DFEB87B32B16341D004485CD /* Fairground-16x16.png in Resources */,
				DFEB87A22B16341D004485CD /* Mainnet-96x96.png in Resources */,
				DFEB87A52B16341D004485CD /* Fairground-48x48.png in Resources */,
			);
			runOnlyForDeploymentPostprocessing = 0;
		};
/* End PBXResourcesBuildPhase section */

/* Begin PBXSourcesBuildPhase section */
		DFEB87322B16341C004485CD /* Sources */ = {
			isa = PBXSourcesBuildPhase;
			buildActionMask = 2147483647;
			files = (
				DFEB876E2B16341D004485CD /* ViewController.swift in Sources */,
				DFEB873A2B16341C004485CD /* AppDelegate.swift in Sources */,
				DFEB873C2B16341C004485CD /* SceneDelegate.swift in Sources */,
			);
			runOnlyForDeploymentPostprocessing = 0;
		};
		DFEB87442B16341C004485CD /* Sources */ = {
			isa = PBXSourcesBuildPhase;
			buildActionMask = 2147483647;
			files = (
				DFEB876F2B16341D004485CD /* ViewController.swift in Sources */,
				DFEB874B2B16341C004485CD /* AppDelegate.swift in Sources */,
			);
			runOnlyForDeploymentPostprocessing = 0;
		};
		DFEB87512B16341D004485CD /* Sources */ = {
			isa = PBXSourcesBuildPhase;
			buildActionMask = 2147483647;
			files = (
				DFEB87722B16341D004485CD /* SafariWebExtensionHandler.swift in Sources */,
			);
			runOnlyForDeploymentPostprocessing = 0;
		};
		DFEB875B2B16341D004485CD /* Sources */ = {
			isa = PBXSourcesBuildPhase;
			buildActionMask = 2147483647;
			files = (
				DFEB87732B16341D004485CD /* SafariWebExtensionHandler.swift in Sources */,
			);
			runOnlyForDeploymentPostprocessing = 0;
		};
/* End PBXSourcesBuildPhase section */

/* Begin PBXTargetDependency section */
		DFEB87582B16341D004485CD /* PBXTargetDependency */ = {
			isa = PBXTargetDependency;
			target = DFEB87542B16341D004485CD /* Vega Wallet - Fairground Extension (iOS) */;
			targetProxy = DFEB87572B16341D004485CD /* PBXContainerItemProxy */;
		};
		DFEB87622B16341D004485CD /* PBXTargetDependency */ = {
			isa = PBXTargetDependency;
			target = DFEB875E2B16341D004485CD /* Vega Wallet - Fairground Extension (macOS) */;
			targetProxy = DFEB87612B16341D004485CD /* PBXContainerItemProxy */;
		};
/* End PBXTargetDependency section */

/* Begin PBXVariantGroup section */
		DFEB87292B16341C004485CD /* Main.html */ = {
			isa = PBXVariantGroup;
			children = (
				DFEB872A2B16341C004485CD /* Base */,
			);
			name = Main.html;
			sourceTree = "<group>";
		};
		DFEB873D2B16341C004485CD /* LaunchScreen.storyboard */ = {
			isa = PBXVariantGroup;
			children = (
				DFEB873E2B16341C004485CD /* Base */,
			);
			name = LaunchScreen.storyboard;
			sourceTree = "<group>";
		};
		DFEB87402B16341C004485CD /* Main.storyboard */ = {
			isa = PBXVariantGroup;
			children = (
				DFEB87412B16341C004485CD /* Base */,
			);
			name = Main.storyboard;
			sourceTree = "<group>";
		};
		DFEB874C2B16341C004485CD /* Main.storyboard */ = {
			isa = PBXVariantGroup;
			children = (
				DFEB874D2B16341C004485CD /* Base */,
			);
			name = Main.storyboard;
			sourceTree = "<group>";
		};
/* End PBXVariantGroup section */

/* Begin XCBuildConfiguration section */
		DFEB87742B16341D004485CD /* Debug */ = {
			isa = XCBuildConfiguration;
			buildSettings = {
				ALWAYS_SEARCH_USER_PATHS = NO;
				ASSETCATALOG_COMPILER_GENERATE_SWIFT_ASSET_SYMBOL_EXTENSIONS = YES;
				CLANG_ANALYZER_NONNULL = YES;
				CLANG_ANALYZER_NUMBER_OBJECT_CONVERSION = YES_AGGRESSIVE;
				CLANG_CXX_LANGUAGE_STANDARD = "gnu++20";
				CLANG_ENABLE_MODULES = YES;
				CLANG_ENABLE_OBJC_ARC = YES;
				CLANG_ENABLE_OBJC_WEAK = YES;
				CLANG_WARN_BLOCK_CAPTURE_AUTORELEASING = YES;
				CLANG_WARN_BOOL_CONVERSION = YES;
				CLANG_WARN_COMMA = YES;
				CLANG_WARN_CONSTANT_CONVERSION = YES;
				CLANG_WARN_DEPRECATED_OBJC_IMPLEMENTATIONS = YES;
				CLANG_WARN_DIRECT_OBJC_ISA_USAGE = YES_ERROR;
				CLANG_WARN_DOCUMENTATION_COMMENTS = YES;
				CLANG_WARN_EMPTY_BODY = YES;
				CLANG_WARN_ENUM_CONVERSION = YES;
				CLANG_WARN_INFINITE_RECURSION = YES;
				CLANG_WARN_INT_CONVERSION = YES;
				CLANG_WARN_NON_LITERAL_NULL_CONVERSION = YES;
				CLANG_WARN_OBJC_IMPLICIT_RETAIN_SELF = YES;
				CLANG_WARN_OBJC_LITERAL_CONVERSION = YES;
				CLANG_WARN_OBJC_ROOT_CLASS = YES_ERROR;
				CLANG_WARN_QUOTED_INCLUDE_IN_FRAMEWORK_HEADER = YES;
				CLANG_WARN_RANGE_LOOP_ANALYSIS = YES;
				CLANG_WARN_STRICT_PROTOTYPES = YES;
				CLANG_WARN_SUSPICIOUS_MOVE = YES;
				CLANG_WARN_UNGUARDED_AVAILABILITY = YES_AGGRESSIVE;
				CLANG_WARN_UNREACHABLE_CODE = YES;
				CLANG_WARN__DUPLICATE_METHOD_MATCH = YES;
				COPY_PHASE_STRIP = NO;
				DEBUG_INFORMATION_FORMAT = dwarf;
				ENABLE_STRICT_OBJC_MSGSEND = YES;
				ENABLE_TESTABILITY = YES;
				ENABLE_USER_SCRIPT_SANDBOXING = YES;
				GCC_C_LANGUAGE_STANDARD = gnu17;
				GCC_DYNAMIC_NO_PIC = NO;
				GCC_NO_COMMON_BLOCKS = YES;
				GCC_OPTIMIZATION_LEVEL = 0;
				GCC_PREPROCESSOR_DEFINITIONS = (
					"DEBUG=1",
					"$(inherited)",
				);
				GCC_WARN_64_TO_32_BIT_CONVERSION = YES;
				GCC_WARN_ABOUT_RETURN_TYPE = YES_ERROR;
				GCC_WARN_UNDECLARED_SELECTOR = YES;
				GCC_WARN_UNINITIALIZED_AUTOS = YES_AGGRESSIVE;
				GCC_WARN_UNUSED_FUNCTION = YES;
				GCC_WARN_UNUSED_VARIABLE = YES;
				LOCALIZATION_PREFERS_STRING_CATALOGS = YES;
				MTL_ENABLE_DEBUG_INFO = INCLUDE_SOURCE;
				MTL_FAST_MATH = YES;
				ONLY_ACTIVE_ARCH = YES;
				SWIFT_ACTIVE_COMPILATION_CONDITIONS = "DEBUG $(inherited)";
				SWIFT_OPTIMIZATION_LEVEL = "-Onone";
			};
			name = Debug;
		};
		DFEB87752B16341D004485CD /* Release */ = {
			isa = XCBuildConfiguration;
			buildSettings = {
				ALWAYS_SEARCH_USER_PATHS = NO;
				ASSETCATALOG_COMPILER_GENERATE_SWIFT_ASSET_SYMBOL_EXTENSIONS = YES;
				CLANG_ANALYZER_NONNULL = YES;
				CLANG_ANALYZER_NUMBER_OBJECT_CONVERSION = YES_AGGRESSIVE;
				CLANG_CXX_LANGUAGE_STANDARD = "gnu++20";
				CLANG_ENABLE_MODULES = YES;
				CLANG_ENABLE_OBJC_ARC = YES;
				CLANG_ENABLE_OBJC_WEAK = YES;
				CLANG_WARN_BLOCK_CAPTURE_AUTORELEASING = YES;
				CLANG_WARN_BOOL_CONVERSION = YES;
				CLANG_WARN_COMMA = YES;
				CLANG_WARN_CONSTANT_CONVERSION = YES;
				CLANG_WARN_DEPRECATED_OBJC_IMPLEMENTATIONS = YES;
				CLANG_WARN_DIRECT_OBJC_ISA_USAGE = YES_ERROR;
				CLANG_WARN_DOCUMENTATION_COMMENTS = YES;
				CLANG_WARN_EMPTY_BODY = YES;
				CLANG_WARN_ENUM_CONVERSION = YES;
				CLANG_WARN_INFINITE_RECURSION = YES;
				CLANG_WARN_INT_CONVERSION = YES;
				CLANG_WARN_NON_LITERAL_NULL_CONVERSION = YES;
				CLANG_WARN_OBJC_IMPLICIT_RETAIN_SELF = YES;
				CLANG_WARN_OBJC_LITERAL_CONVERSION = YES;
				CLANG_WARN_OBJC_ROOT_CLASS = YES_ERROR;
				CLANG_WARN_QUOTED_INCLUDE_IN_FRAMEWORK_HEADER = YES;
				CLANG_WARN_RANGE_LOOP_ANALYSIS = YES;
				CLANG_WARN_STRICT_PROTOTYPES = YES;
				CLANG_WARN_SUSPICIOUS_MOVE = YES;
				CLANG_WARN_UNGUARDED_AVAILABILITY = YES_AGGRESSIVE;
				CLANG_WARN_UNREACHABLE_CODE = YES;
				CLANG_WARN__DUPLICATE_METHOD_MATCH = YES;
				COPY_PHASE_STRIP = NO;
				DEBUG_INFORMATION_FORMAT = "dwarf-with-dsym";
				ENABLE_NS_ASSERTIONS = NO;
				ENABLE_STRICT_OBJC_MSGSEND = YES;
				ENABLE_USER_SCRIPT_SANDBOXING = YES;
				GCC_C_LANGUAGE_STANDARD = gnu17;
				GCC_NO_COMMON_BLOCKS = YES;
				GCC_WARN_64_TO_32_BIT_CONVERSION = YES;
				GCC_WARN_ABOUT_RETURN_TYPE = YES_ERROR;
				GCC_WARN_UNDECLARED_SELECTOR = YES;
				GCC_WARN_UNINITIALIZED_AUTOS = YES_AGGRESSIVE;
				GCC_WARN_UNUSED_FUNCTION = YES;
				GCC_WARN_UNUSED_VARIABLE = YES;
				LOCALIZATION_PREFERS_STRING_CATALOGS = YES;
				MTL_ENABLE_DEBUG_INFO = NO;
				MTL_FAST_MATH = YES;
				SWIFT_COMPILATION_MODE = wholemodule;
			};
			name = Release;
		};
		DFEB87772B16341D004485CD /* Debug */ = {
			isa = XCBuildConfiguration;
			buildSettings = {
				CODE_SIGN_STYLE = Automatic;
				CURRENT_PROJECT_VERSION = 1;
				DEVELOPMENT_TEAM = 35466DARSS;
				GENERATE_INFOPLIST_FILE = YES;
				INFOPLIST_FILE = "iOS (Extension)/Info.plist";
				INFOPLIST_KEY_CFBundleDisplayName = "Vega Wallet - Fairground Extension";
				INFOPLIST_KEY_NSHumanReadableCopyright = "";
				IPHONEOS_DEPLOYMENT_TARGET = 15.0;
				LD_RUNPATH_SEARCH_PATHS = (
					"$(inherited)",
					"@executable_path/Frameworks",
					"@executable_path/../../Frameworks",
				);
				MARKETING_VERSION = 1.0;
				OTHER_LDFLAGS = (
					"-framework",
					SafariServices,
				);
				PRODUCT_BUNDLE_IDENTIFIER = xyz.vega.fairgroundwallet.iosextension;
				PRODUCT_NAME = "Vega Wallet - Fairground Extension";
				SDKROOT = iphoneos;
				SKIP_INSTALL = YES;
				SWIFT_EMIT_LOC_STRINGS = YES;
				SWIFT_VERSION = 5.0;
				TARGETED_DEVICE_FAMILY = "1,2";
			};
			name = Debug;
		};
		DFEB87782B16341D004485CD /* Release */ = {
			isa = XCBuildConfiguration;
			buildSettings = {
				CODE_SIGN_STYLE = Automatic;
				CURRENT_PROJECT_VERSION = 1;
				DEVELOPMENT_TEAM = 35466DARSS;
				GENERATE_INFOPLIST_FILE = YES;
				INFOPLIST_FILE = "iOS (Extension)/Info.plist";
				INFOPLIST_KEY_CFBundleDisplayName = "Vega Wallet - Fairground Extension";
				INFOPLIST_KEY_NSHumanReadableCopyright = "";
				IPHONEOS_DEPLOYMENT_TARGET = 15.0;
				LD_RUNPATH_SEARCH_PATHS = (
					"$(inherited)",
					"@executable_path/Frameworks",
					"@executable_path/../../Frameworks",
				);
				MARKETING_VERSION = 1.0;
				OTHER_LDFLAGS = (
					"-framework",
					SafariServices,
				);
				PRODUCT_BUNDLE_IDENTIFIER = xyz.vega.fairgroundwallet.iosextension;
				PRODUCT_NAME = "Vega Wallet - Fairground Extension";
				SDKROOT = iphoneos;
				SKIP_INSTALL = YES;
				SWIFT_EMIT_LOC_STRINGS = YES;
				SWIFT_VERSION = 5.0;
				TARGETED_DEVICE_FAMILY = "1,2";
				VALIDATE_PRODUCT = YES;
			};
			name = Release;
		};
		DFEB877B2B16341D004485CD /* Debug */ = {
			isa = XCBuildConfiguration;
			buildSettings = {
				ALWAYS_EMBED_SWIFT_STANDARD_LIBRARIES = YES;
				ASSETCATALOG_COMPILER_APPICON_NAME = AppIcon;
				ASSETCATALOG_COMPILER_GLOBAL_ACCENT_COLOR_NAME = AccentColor;
				CODE_SIGN_STYLE = Automatic;
				CURRENT_PROJECT_VERSION = 1;
				DEVELOPMENT_TEAM = 35466DARSS;
				GENERATE_INFOPLIST_FILE = YES;
				INFOPLIST_FILE = "iOS (App)/Info.plist";
				INFOPLIST_KEY_CFBundleDisplayName = "Vega Wallet - Fairground";
				INFOPLIST_KEY_UIApplicationSupportsIndirectInputEvents = YES;
				INFOPLIST_KEY_UILaunchStoryboardName = LaunchScreen;
				INFOPLIST_KEY_UIMainStoryboardFile = Main;
				INFOPLIST_KEY_UISupportedInterfaceOrientations = "UIInterfaceOrientationPortrait UIInterfaceOrientationLandscapeLeft UIInterfaceOrientationLandscapeRight";
				INFOPLIST_KEY_UISupportedInterfaceOrientations_iPad = "UIInterfaceOrientationPortrait UIInterfaceOrientationPortraitUpsideDown UIInterfaceOrientationLandscapeLeft UIInterfaceOrientationLandscapeRight";
				IPHONEOS_DEPLOYMENT_TARGET = 15.0;
				LD_RUNPATH_SEARCH_PATHS = (
					"$(inherited)",
					"@executable_path/Frameworks",
				);
				MARKETING_VERSION = 0.14.0;
				OTHER_LDFLAGS = (
					"-framework",
					SafariServices,
					"-framework",
					WebKit,
				);
				PRODUCT_BUNDLE_IDENTIFIER = xyz.vega.fairgroundwallet;
				PRODUCT_NAME = "Vega Wallet - Fairground";
				SDKROOT = iphoneos;
				SWIFT_EMIT_LOC_STRINGS = YES;
				SWIFT_VERSION = 5.0;
				TARGETED_DEVICE_FAMILY = "1,2";
			};
			name = Debug;
		};
		DFEB877C2B16341D004485CD /* Release */ = {
			isa = XCBuildConfiguration;
			buildSettings = {
				ALWAYS_EMBED_SWIFT_STANDARD_LIBRARIES = YES;
				ASSETCATALOG_COMPILER_APPICON_NAME = AppIcon;
				ASSETCATALOG_COMPILER_GLOBAL_ACCENT_COLOR_NAME = AccentColor;
				CODE_SIGN_STYLE = Automatic;
				CURRENT_PROJECT_VERSION = 1;
				DEVELOPMENT_TEAM = 35466DARSS;
				GENERATE_INFOPLIST_FILE = YES;
				INFOPLIST_FILE = "iOS (App)/Info.plist";
				INFOPLIST_KEY_CFBundleDisplayName = "Vega Wallet - Fairground";
				INFOPLIST_KEY_UIApplicationSupportsIndirectInputEvents = YES;
				INFOPLIST_KEY_UILaunchStoryboardName = LaunchScreen;
				INFOPLIST_KEY_UIMainStoryboardFile = Main;
				INFOPLIST_KEY_UISupportedInterfaceOrientations = "UIInterfaceOrientationPortrait UIInterfaceOrientationLandscapeLeft UIInterfaceOrientationLandscapeRight";
				INFOPLIST_KEY_UISupportedInterfaceOrientations_iPad = "UIInterfaceOrientationPortrait UIInterfaceOrientationPortraitUpsideDown UIInterfaceOrientationLandscapeLeft UIInterfaceOrientationLandscapeRight";
				IPHONEOS_DEPLOYMENT_TARGET = 15.0;
				LD_RUNPATH_SEARCH_PATHS = (
					"$(inherited)",
					"@executable_path/Frameworks",
				);
				MARKETING_VERSION = 0.14.0;
				OTHER_LDFLAGS = (
					"-framework",
					SafariServices,
					"-framework",
					WebKit,
				);
				PRODUCT_BUNDLE_IDENTIFIER = xyz.vega.fairgroundwallet;
				PRODUCT_NAME = "Vega Wallet - Fairground";
				SDKROOT = iphoneos;
				SWIFT_EMIT_LOC_STRINGS = YES;
				SWIFT_VERSION = 5.0;
				TARGETED_DEVICE_FAMILY = "1,2";
				VALIDATE_PRODUCT = YES;
			};
			name = Release;
		};
		DFEB877E2B16341D004485CD /* Debug */ = {
			isa = XCBuildConfiguration;
			buildSettings = {
				CODE_SIGN_ENTITLEMENTS = "macOS (Extension)/Vega Wallet - Fairground.entitlements";
				CODE_SIGN_STYLE = Automatic;
				CURRENT_PROJECT_VERSION = 1;
				DEVELOPMENT_TEAM = 35466DARSS;
				ENABLE_HARDENED_RUNTIME = YES;
				GENERATE_INFOPLIST_FILE = YES;
				INFOPLIST_FILE = "macOS (Extension)/Info.plist";
				INFOPLIST_KEY_CFBundleDisplayName = "Vega Wallet - Fairground Extension";
				INFOPLIST_KEY_NSHumanReadableCopyright = "";
				LD_RUNPATH_SEARCH_PATHS = (
					"$(inherited)",
					"@executable_path/../Frameworks",
					"@executable_path/../../../../Frameworks",
				);
				MACOSX_DEPLOYMENT_TARGET = 10.14;
				MARKETING_VERSION = 1.0;
				OTHER_LDFLAGS = (
					"-framework",
					SafariServices,
				);
				PRODUCT_BUNDLE_IDENTIFIER = xyz.vega.fairgroundwallet.macosextension;
				PRODUCT_NAME = "Vega Wallet - Fairground Extension";
				SDKROOT = macosx;
				SKIP_INSTALL = YES;
				SWIFT_EMIT_LOC_STRINGS = YES;
				SWIFT_VERSION = 5.0;
			};
			name = Debug;
		};
		DFEB877F2B16341D004485CD /* Release */ = {
			isa = XCBuildConfiguration;
			buildSettings = {
				CODE_SIGN_ENTITLEMENTS = "macOS (Extension)/Vega Wallet - Fairground.entitlements";
				CODE_SIGN_STYLE = Automatic;
				CURRENT_PROJECT_VERSION = 1;
				DEVELOPMENT_TEAM = 35466DARSS;
				ENABLE_HARDENED_RUNTIME = YES;
				GENERATE_INFOPLIST_FILE = YES;
				INFOPLIST_FILE = "macOS (Extension)/Info.plist";
				INFOPLIST_KEY_CFBundleDisplayName = "Vega Wallet - Fairground Extension";
				INFOPLIST_KEY_NSHumanReadableCopyright = "";
				LD_RUNPATH_SEARCH_PATHS = (
					"$(inherited)",
					"@executable_path/../Frameworks",
					"@executable_path/../../../../Frameworks",
				);
				MACOSX_DEPLOYMENT_TARGET = 10.14;
				MARKETING_VERSION = 1.0;
				OTHER_LDFLAGS = (
					"-framework",
					SafariServices,
				);
				PRODUCT_BUNDLE_IDENTIFIER = xyz.vega.fairgroundwallet.macosextension;
				PRODUCT_NAME = "Vega Wallet - Fairground Extension";
				SDKROOT = macosx;
				SKIP_INSTALL = YES;
				SWIFT_EMIT_LOC_STRINGS = YES;
				SWIFT_VERSION = 5.0;
			};
			name = Release;
		};
		DFEB87822B16341D004485CD /* Debug */ = {
			isa = XCBuildConfiguration;
			buildSettings = {
				ALWAYS_EMBED_SWIFT_STANDARD_LIBRARIES = YES;
				ASSETCATALOG_COMPILER_APPICON_NAME = AppIcon;
				ASSETCATALOG_COMPILER_GLOBAL_ACCENT_COLOR_NAME = AccentColor;
				CODE_SIGN_ENTITLEMENTS = "macOS (App)/Vega Wallet - Fairground.entitlements";
				CODE_SIGN_STYLE = Automatic;
				CURRENT_PROJECT_VERSION = 1;
				DEVELOPMENT_TEAM = 35466DARSS;
				ENABLE_HARDENED_RUNTIME = YES;
				GENERATE_INFOPLIST_FILE = YES;
				INFOPLIST_FILE = "macOS (App)/Info.plist";
				INFOPLIST_KEY_CFBundleDisplayName = "Vega Wallet - Fairground";
				INFOPLIST_KEY_NSMainStoryboardFile = Main;
				INFOPLIST_KEY_NSPrincipalClass = NSApplication;
				LD_RUNPATH_SEARCH_PATHS = (
					"$(inherited)",
					"@executable_path/../Frameworks",
				);
				MACOSX_DEPLOYMENT_TARGET = 10.14;
				MARKETING_VERSION = 0.14.0;
				OTHER_LDFLAGS = (
					"-framework",
					SafariServices,
					"-framework",
					WebKit,
				);
				PRODUCT_BUNDLE_IDENTIFIER = xyz.vega.fairgroundwallet;
				PRODUCT_NAME = "Vega Wallet - Fairground";
				SDKROOT = macosx;
				SWIFT_EMIT_LOC_STRINGS = YES;
				SWIFT_VERSION = 5.0;
			};
			name = Debug;
		};
		DFEB87832B16341D004485CD /* Release */ = {
			isa = XCBuildConfiguration;
			buildSettings = {
				ALWAYS_EMBED_SWIFT_STANDARD_LIBRARIES = YES;
				ASSETCATALOG_COMPILER_APPICON_NAME = AppIcon;
				ASSETCATALOG_COMPILER_GLOBAL_ACCENT_COLOR_NAME = AccentColor;
				CODE_SIGN_ENTITLEMENTS = "macOS (App)/Vega Wallet - Fairground.entitlements";
				CODE_SIGN_STYLE = Automatic;
				CURRENT_PROJECT_VERSION = 1;
				DEVELOPMENT_TEAM = 35466DARSS;
				ENABLE_HARDENED_RUNTIME = YES;
				GENERATE_INFOPLIST_FILE = YES;
				INFOPLIST_FILE = "macOS (App)/Info.plist";
				INFOPLIST_KEY_CFBundleDisplayName = "Vega Wallet - Fairground";
				INFOPLIST_KEY_NSMainStoryboardFile = Main;
				INFOPLIST_KEY_NSPrincipalClass = NSApplication;
				LD_RUNPATH_SEARCH_PATHS = (
					"$(inherited)",
					"@executable_path/../Frameworks",
				);
				MACOSX_DEPLOYMENT_TARGET = 10.14;
				MARKETING_VERSION = 0.14.0;
				OTHER_LDFLAGS = (
					"-framework",
					SafariServices,
					"-framework",
					WebKit,
				);
				PRODUCT_BUNDLE_IDENTIFIER = xyz.vega.fairgroundwallet;
				PRODUCT_NAME = "Vega Wallet - Fairground";
				SDKROOT = macosx;
				SWIFT_EMIT_LOC_STRINGS = YES;
				SWIFT_VERSION = 5.0;
			};
			name = Release;
		};
/* End XCBuildConfiguration section */

/* Begin XCConfigurationList section */
		DFEB87262B16341C004485CD /* Build configuration list for PBXProject "Vega Wallet - Fairground" */ = {
			isa = XCConfigurationList;
			buildConfigurations = (
				DFEB87742B16341D004485CD /* Debug */,
				DFEB87752B16341D004485CD /* Release */,
			);
			defaultConfigurationIsVisible = 0;
			defaultConfigurationName = Release;
		};
		DFEB87762B16341D004485CD /* Build configuration list for PBXNativeTarget "Vega Wallet - Fairground Extension (iOS)" */ = {
			isa = XCConfigurationList;
			buildConfigurations = (
				DFEB87772B16341D004485CD /* Debug */,
				DFEB87782B16341D004485CD /* Release */,
			);
			defaultConfigurationIsVisible = 0;
			defaultConfigurationName = Release;
		};
		DFEB877A2B16341D004485CD /* Build configuration list for PBXNativeTarget "Vega Wallet - Fairground (iOS)" */ = {
			isa = XCConfigurationList;
			buildConfigurations = (
				DFEB877B2B16341D004485CD /* Debug */,
				DFEB877C2B16341D004485CD /* Release */,
			);
			defaultConfigurationIsVisible = 0;
			defaultConfigurationName = Release;
		};
		DFEB877D2B16341D004485CD /* Build configuration list for PBXNativeTarget "Vega Wallet - Fairground Extension (macOS)" */ = {
			isa = XCConfigurationList;
			buildConfigurations = (
				DFEB877E2B16341D004485CD /* Debug */,
				DFEB877F2B16341D004485CD /* Release */,
			);
			defaultConfigurationIsVisible = 0;
			defaultConfigurationName = Release;
		};
		DFEB87812B16341D004485CD /* Build configuration list for PBXNativeTarget "Vega Wallet - Fairground (macOS)" */ = {
			isa = XCConfigurationList;
			buildConfigurations = (
				DFEB87822B16341D004485CD /* Debug */,
				DFEB87832B16341D004485CD /* Release */,
			);
			defaultConfigurationIsVisible = 0;
			defaultConfigurationName = Release;
		};
/* End XCConfigurationList section */
	};
	rootObject = DFEB87232B16341C004485CD /* Project object */;
}
