// !$*UTF8*$!
{
	archiveVersion = 1;
	classes = {
	};
	objectVersion = 56;
	objects = {

/* Begin PBXBuildFile section */
		DF7C25D42B0E69EB006EB9BC /* AppDelegate.swift in Sources */ = {isa = PBXBuildFile; fileRef = DF7C25D32B0E69EB006EB9BC /* AppDelegate.swift */; };
		DF7C25D62B0E69EB006EB9BC /* SceneDelegate.swift in Sources */ = {isa = PBXBuildFile; fileRef = DF7C25D52B0E69EB006EB9BC /* SceneDelegate.swift */; };
		DF7C25D92B0E69EB006EB9BC /* LaunchScreen.storyboard in Resources */ = {isa = PBXBuildFile; fileRef = DF7C25D72B0E69EB006EB9BC /* LaunchScreen.storyboard */; };
		DF7C25DC2B0E69EB006EB9BC /* Main.storyboard in Resources */ = {isa = PBXBuildFile; fileRef = DF7C25DA2B0E69EB006EB9BC /* Main.storyboard */; };
		DF7C25E52B0E69EB006EB9BC /* AppDelegate.swift in Sources */ = {isa = PBXBuildFile; fileRef = DF7C25E42B0E69EB006EB9BC /* AppDelegate.swift */; };
		DF7C25E82B0E69EB006EB9BC /* Main.storyboard in Resources */ = {isa = PBXBuildFile; fileRef = DF7C25E62B0E69EB006EB9BC /* Main.storyboard */; };
		DF7C25F02B0E69EB006EB9BC /* Vega Wallet - Fairground Extension.appex in Embed Foundation Extensions */ = {isa = PBXBuildFile; fileRef = DF7C25EF2B0E69EB006EB9BC /* Vega Wallet - Fairground Extension.appex */; settings = {ATTRIBUTES = (RemoveHeadersOnCopy, ); }; };
		DF7C25FA2B0E69EB006EB9BC /* Vega Wallet - Fairground Extension.appex in Embed Foundation Extensions */ = {isa = PBXBuildFile; fileRef = DF7C25F92B0E69EB006EB9BC /* Vega Wallet - Fairground Extension.appex */; settings = {ATTRIBUTES = (RemoveHeadersOnCopy, ); }; };
		DF7C26002B0E69EB006EB9BC /* Main.html in Resources */ = {isa = PBXBuildFile; fileRef = DF7C25C32B0E69E9006EB9BC /* Main.html */; };
		DF7C26012B0E69EB006EB9BC /* Main.html in Resources */ = {isa = PBXBuildFile; fileRef = DF7C25C32B0E69E9006EB9BC /* Main.html */; };
		DF7C26022B0E69EB006EB9BC /* Icon.png in Resources */ = {isa = PBXBuildFile; fileRef = DF7C25C52B0E69E9006EB9BC /* Icon.png */; };
		DF7C26032B0E69EB006EB9BC /* Icon.png in Resources */ = {isa = PBXBuildFile; fileRef = DF7C25C52B0E69E9006EB9BC /* Icon.png */; };
		DF7C26042B0E69EB006EB9BC /* Style.css in Resources */ = {isa = PBXBuildFile; fileRef = DF7C25C62B0E69E9006EB9BC /* Style.css */; };
		DF7C26052B0E69EB006EB9BC /* Style.css in Resources */ = {isa = PBXBuildFile; fileRef = DF7C25C62B0E69E9006EB9BC /* Style.css */; };
		DF7C26062B0E69EB006EB9BC /* Script.js in Resources */ = {isa = PBXBuildFile; fileRef = DF7C25C72B0E69E9006EB9BC /* Script.js */; };
		DF7C26072B0E69EB006EB9BC /* Script.js in Resources */ = {isa = PBXBuildFile; fileRef = DF7C25C72B0E69E9006EB9BC /* Script.js */; };
		DF7C26082B0E69EB006EB9BC /* ViewController.swift in Sources */ = {isa = PBXBuildFile; fileRef = DF7C25C82B0E69E9006EB9BC /* ViewController.swift */; };
		DF7C26092B0E69EB006EB9BC /* ViewController.swift in Sources */ = {isa = PBXBuildFile; fileRef = DF7C25C82B0E69E9006EB9BC /* ViewController.swift */; };
		DF7C260A2B0E69EB006EB9BC /* Assets.xcassets in Resources */ = {isa = PBXBuildFile; fileRef = DF7C25C92B0E69EA006EB9BC /* Assets.xcassets */; };
		DF7C260B2B0E69EB006EB9BC /* Assets.xcassets in Resources */ = {isa = PBXBuildFile; fileRef = DF7C25C92B0E69EA006EB9BC /* Assets.xcassets */; };
		DF7C260C2B0E69EB006EB9BC /* SafariWebExtensionHandler.swift in Sources */ = {isa = PBXBuildFile; fileRef = DF7C25CB2B0E69EA006EB9BC /* SafariWebExtensionHandler.swift */; };
		DF7C260D2B0E69EB006EB9BC /* SafariWebExtensionHandler.swift in Sources */ = {isa = PBXBuildFile; fileRef = DF7C25CB2B0E69EA006EB9BC /* SafariWebExtensionHandler.swift */; };
		DF7C26372B0E69EB006EB9BC /* Fairground-64x64.png in Resources */ = {isa = PBXBuildFile; fileRef = DF7C261F2B0E69EB006EB9BC /* Fairground-64x64.png */; };
		DF7C26382B0E69EB006EB9BC /* Mainnet-48x48.png in Resources */ = {isa = PBXBuildFile; fileRef = DF7C26202B0E69EB006EB9BC /* Mainnet-48x48.png */; };
		DF7C26392B0E69EB006EB9BC /* Fairground-32x32.png in Resources */ = {isa = PBXBuildFile; fileRef = DF7C26212B0E69EB006EB9BC /* Fairground-32x32.png */; };
		DF7C263A2B0E69EB006EB9BC /* popup.js in Resources */ = {isa = PBXBuildFile; fileRef = DF7C26222B0E69EB006EB9BC /* popup.js */; };
		DF7C263B2B0E69EB006EB9BC /* index.html in Resources */ = {isa = PBXBuildFile; fileRef = DF7C26232B0E69EB006EB9BC /* index.html */; };
		DF7C263C2B0E69EB006EB9BC /* Mainnet-96x96.png in Resources */ = {isa = PBXBuildFile; fileRef = DF7C26242B0E69EB006EB9BC /* Mainnet-96x96.png */; };
		DF7C263D2B0E69EB006EB9BC /* background.js in Resources */ = {isa = PBXBuildFile; fileRef = DF7C26252B0E69EB006EB9BC /* background.js */; };
		DF7C263E2B0E69EB006EB9BC /* Mainnet-64x64.png in Resources */ = {isa = PBXBuildFile; fileRef = DF7C26262B0E69EB006EB9BC /* Mainnet-64x64.png */; };
		DF7C263F2B0E69EB006EB9BC /* Fairground-48x48.png in Resources */ = {isa = PBXBuildFile; fileRef = DF7C26272B0E69EB006EB9BC /* Fairground-48x48.png */; };
		DF7C26402B0E69EB006EB9BC /* Mainnet-128x128.png in Resources */ = {isa = PBXBuildFile; fileRef = DF7C26282B0E69EB006EB9BC /* Mainnet-128x128.png */; };
		DF7C26412B0E69EB006EB9BC /* chrome-pow.html in Resources */ = {isa = PBXBuildFile; fileRef = DF7C26292B0E69EB006EB9BC /* chrome-pow.html */; };
		DF7C26422B0E69EB006EB9BC /* chrome-pow.js in Resources */ = {isa = PBXBuildFile; fileRef = DF7C262A2B0E69EB006EB9BC /* chrome-pow.js */; };
		DF7C26432B0E69EB006EB9BC /* Fairground-96x96.png in Resources */ = {isa = PBXBuildFile; fileRef = DF7C262B2B0E69EB006EB9BC /* Fairground-96x96.png */; };
		DF7C26442B0E69EB006EB9BC /* Mainnet-32x32.png in Resources */ = {isa = PBXBuildFile; fileRef = DF7C262C2B0E69EB006EB9BC /* Mainnet-32x32.png */; };
		DF7C26452B0E69EB006EB9BC /* AlphaLyrae-Medium.woff2 in Resources */ = {isa = PBXBuildFile; fileRef = DF7C262D2B0E69EB006EB9BC /* AlphaLyrae-Medium.woff2 */; };
		DF7C26462B0E69EB006EB9BC /* Fairground-128x128.png in Resources */ = {isa = PBXBuildFile; fileRef = DF7C262E2B0E69EB006EB9BC /* Fairground-128x128.png */; };
		DF7C26472B0E69EB006EB9BC /* pow-worker.js in Resources */ = {isa = PBXBuildFile; fileRef = DF7C262F2B0E69EB006EB9BC /* pow-worker.js */; };
		DF7C26482B0E69EB006EB9BC /* Mainnet-16x16.png in Resources */ = {isa = PBXBuildFile; fileRef = DF7C26302B0E69EB006EB9BC /* Mainnet-16x16.png */; };
		DF7C26492B0E69EB006EB9BC /* manifest.json in Resources */ = {isa = PBXBuildFile; fileRef = DF7C26312B0E69EB006EB9BC /* manifest.json */; };
		DF7C264A2B0E69EB006EB9BC /* question-mark.png in Resources */ = {isa = PBXBuildFile; fileRef = DF7C26322B0E69EB006EB9BC /* question-mark.png */; };
		DF7C264B2B0E69EB006EB9BC /* content-script.js in Resources */ = {isa = PBXBuildFile; fileRef = DF7C26332B0E69EB006EB9BC /* content-script.js */; };
		DF7C264C2B0E69EB006EB9BC /* in-page.js in Resources */ = {isa = PBXBuildFile; fileRef = DF7C26342B0E69EB006EB9BC /* in-page.js */; };
		DF7C264D2B0E69EB006EB9BC /* Fairground-16x16.png in Resources */ = {isa = PBXBuildFile; fileRef = DF7C26352B0E69EB006EB9BC /* Fairground-16x16.png */; };
		DF7C264E2B0E69EB006EB9BC /* stars.png in Resources */ = {isa = PBXBuildFile; fileRef = DF7C26362B0E69EB006EB9BC /* stars.png */; };
		DF7C264F2B0E69EB006EB9BC /* Fairground-64x64.png in Resources */ = {isa = PBXBuildFile; fileRef = DF7C261F2B0E69EB006EB9BC /* Fairground-64x64.png */; };
		DF7C26502B0E69EB006EB9BC /* Mainnet-48x48.png in Resources */ = {isa = PBXBuildFile; fileRef = DF7C26202B0E69EB006EB9BC /* Mainnet-48x48.png */; };
		DF7C26512B0E69EB006EB9BC /* Fairground-32x32.png in Resources */ = {isa = PBXBuildFile; fileRef = DF7C26212B0E69EB006EB9BC /* Fairground-32x32.png */; };
		DF7C26522B0E69EB006EB9BC /* popup.js in Resources */ = {isa = PBXBuildFile; fileRef = DF7C26222B0E69EB006EB9BC /* popup.js */; };
		DF7C26532B0E69EB006EB9BC /* index.html in Resources */ = {isa = PBXBuildFile; fileRef = DF7C26232B0E69EB006EB9BC /* index.html */; };
		DF7C26542B0E69EB006EB9BC /* Mainnet-96x96.png in Resources */ = {isa = PBXBuildFile; fileRef = DF7C26242B0E69EB006EB9BC /* Mainnet-96x96.png */; };
		DF7C26552B0E69EB006EB9BC /* background.js in Resources */ = {isa = PBXBuildFile; fileRef = DF7C26252B0E69EB006EB9BC /* background.js */; };
		DF7C26562B0E69EB006EB9BC /* Mainnet-64x64.png in Resources */ = {isa = PBXBuildFile; fileRef = DF7C26262B0E69EB006EB9BC /* Mainnet-64x64.png */; };
		DF7C26572B0E69EB006EB9BC /* Fairground-48x48.png in Resources */ = {isa = PBXBuildFile; fileRef = DF7C26272B0E69EB006EB9BC /* Fairground-48x48.png */; };
		DF7C26582B0E69EB006EB9BC /* Mainnet-128x128.png in Resources */ = {isa = PBXBuildFile; fileRef = DF7C26282B0E69EB006EB9BC /* Mainnet-128x128.png */; };
		DF7C26592B0E69EB006EB9BC /* chrome-pow.html in Resources */ = {isa = PBXBuildFile; fileRef = DF7C26292B0E69EB006EB9BC /* chrome-pow.html */; };
		DF7C265A2B0E69EB006EB9BC /* chrome-pow.js in Resources */ = {isa = PBXBuildFile; fileRef = DF7C262A2B0E69EB006EB9BC /* chrome-pow.js */; };
		DF7C265B2B0E69EB006EB9BC /* Fairground-96x96.png in Resources */ = {isa = PBXBuildFile; fileRef = DF7C262B2B0E69EB006EB9BC /* Fairground-96x96.png */; };
		DF7C265C2B0E69EB006EB9BC /* Mainnet-32x32.png in Resources */ = {isa = PBXBuildFile; fileRef = DF7C262C2B0E69EB006EB9BC /* Mainnet-32x32.png */; };
		DF7C265D2B0E69EB006EB9BC /* AlphaLyrae-Medium.woff2 in Resources */ = {isa = PBXBuildFile; fileRef = DF7C262D2B0E69EB006EB9BC /* AlphaLyrae-Medium.woff2 */; };
		DF7C265E2B0E69EB006EB9BC /* Fairground-128x128.png in Resources */ = {isa = PBXBuildFile; fileRef = DF7C262E2B0E69EB006EB9BC /* Fairground-128x128.png */; };
		DF7C265F2B0E69EB006EB9BC /* pow-worker.js in Resources */ = {isa = PBXBuildFile; fileRef = DF7C262F2B0E69EB006EB9BC /* pow-worker.js */; };
		DF7C26602B0E69EB006EB9BC /* Mainnet-16x16.png in Resources */ = {isa = PBXBuildFile; fileRef = DF7C26302B0E69EB006EB9BC /* Mainnet-16x16.png */; };
		DF7C26612B0E69EB006EB9BC /* manifest.json in Resources */ = {isa = PBXBuildFile; fileRef = DF7C26312B0E69EB006EB9BC /* manifest.json */; };
		DF7C26622B0E69EB006EB9BC /* question-mark.png in Resources */ = {isa = PBXBuildFile; fileRef = DF7C26322B0E69EB006EB9BC /* question-mark.png */; };
		DF7C26632B0E69EB006EB9BC /* content-script.js in Resources */ = {isa = PBXBuildFile; fileRef = DF7C26332B0E69EB006EB9BC /* content-script.js */; };
		DF7C26642B0E69EB006EB9BC /* in-page.js in Resources */ = {isa = PBXBuildFile; fileRef = DF7C26342B0E69EB006EB9BC /* in-page.js */; };
		DF7C26652B0E69EB006EB9BC /* Fairground-16x16.png in Resources */ = {isa = PBXBuildFile; fileRef = DF7C26352B0E69EB006EB9BC /* Fairground-16x16.png */; };
		DF7C26662B0E69EB006EB9BC /* stars.png in Resources */ = {isa = PBXBuildFile; fileRef = DF7C26362B0E69EB006EB9BC /* stars.png */; };
/* End PBXBuildFile section */

/* Begin PBXContainerItemProxy section */
		DF7C25F12B0E69EB006EB9BC /* PBXContainerItemProxy */ = {
			isa = PBXContainerItemProxy;
			containerPortal = DF7C25BD2B0E69E9006EB9BC /* Project object */;
			proxyType = 1;
			remoteGlobalIDString = DF7C25EE2B0E69EB006EB9BC;
			remoteInfo = "Vega Wallet - Fairground Extension (iOS)";
		};
		DF7C25FB2B0E69EB006EB9BC /* PBXContainerItemProxy */ = {
			isa = PBXContainerItemProxy;
			containerPortal = DF7C25BD2B0E69E9006EB9BC /* Project object */;
			proxyType = 1;
			remoteGlobalIDString = DF7C25F82B0E69EB006EB9BC;
			remoteInfo = "Vega Wallet - Fairground Extension (macOS)";
		};
/* End PBXContainerItemProxy section */

/* Begin PBXCopyFilesBuildPhase section */
		DF7C26132B0E69EB006EB9BC /* Embed Foundation Extensions */ = {
			isa = PBXCopyFilesBuildPhase;
			buildActionMask = 2147483647;
			dstPath = "";
			dstSubfolderSpec = 13;
			files = (
				DF7C25F02B0E69EB006EB9BC /* Vega Wallet - Fairground Extension.appex in Embed Foundation Extensions */,
			);
			name = "Embed Foundation Extensions";
			runOnlyForDeploymentPostprocessing = 0;
		};
		DF7C261A2B0E69EB006EB9BC /* Embed Foundation Extensions */ = {
			isa = PBXCopyFilesBuildPhase;
			buildActionMask = 2147483647;
			dstPath = "";
			dstSubfolderSpec = 13;
			files = (
				DF7C25FA2B0E69EB006EB9BC /* Vega Wallet - Fairground Extension.appex in Embed Foundation Extensions */,
			);
			name = "Embed Foundation Extensions";
			runOnlyForDeploymentPostprocessing = 0;
		};
/* End PBXCopyFilesBuildPhase section */

/* Begin PBXFileReference section */
		DF7C25C42B0E69E9006EB9BC /* Base */ = {isa = PBXFileReference; lastKnownFileType = text.html; name = Base; path = ../Base.lproj/Main.html; sourceTree = "<group>"; };
		DF7C25C52B0E69E9006EB9BC /* Icon.png */ = {isa = PBXFileReference; lastKnownFileType = image.png; path = Icon.png; sourceTree = "<group>"; };
		DF7C25C62B0E69E9006EB9BC /* Style.css */ = {isa = PBXFileReference; lastKnownFileType = text.css; path = Style.css; sourceTree = "<group>"; };
		DF7C25C72B0E69E9006EB9BC /* Script.js */ = {isa = PBXFileReference; lastKnownFileType = sourcecode.javascript; path = Script.js; sourceTree = "<group>"; };
		DF7C25C82B0E69E9006EB9BC /* ViewController.swift */ = {isa = PBXFileReference; lastKnownFileType = sourcecode.swift; path = ViewController.swift; sourceTree = "<group>"; };
		DF7C25C92B0E69EA006EB9BC /* Assets.xcassets */ = {isa = PBXFileReference; lastKnownFileType = folder.assetcatalog; path = Assets.xcassets; sourceTree = "<group>"; };
		DF7C25CB2B0E69EA006EB9BC /* SafariWebExtensionHandler.swift */ = {isa = PBXFileReference; lastKnownFileType = sourcecode.swift; path = SafariWebExtensionHandler.swift; sourceTree = "<group>"; };
		DF7C25D02B0E69EB006EB9BC /* Vega Wallet - Fairground.app */ = {isa = PBXFileReference; explicitFileType = wrapper.application; includeInIndex = 0; path = "Vega Wallet - Fairground.app"; sourceTree = BUILT_PRODUCTS_DIR; };
		DF7C25D32B0E69EB006EB9BC /* AppDelegate.swift */ = {isa = PBXFileReference; lastKnownFileType = sourcecode.swift; path = AppDelegate.swift; sourceTree = "<group>"; };
		DF7C25D52B0E69EB006EB9BC /* SceneDelegate.swift */ = {isa = PBXFileReference; lastKnownFileType = sourcecode.swift; path = SceneDelegate.swift; sourceTree = "<group>"; };
		DF7C25D82B0E69EB006EB9BC /* Base */ = {isa = PBXFileReference; lastKnownFileType = file.storyboard; name = Base; path = Base.lproj/LaunchScreen.storyboard; sourceTree = "<group>"; };
		DF7C25DB2B0E69EB006EB9BC /* Base */ = {isa = PBXFileReference; lastKnownFileType = file.storyboard; name = Base; path = Base.lproj/Main.storyboard; sourceTree = "<group>"; };
		DF7C25DD2B0E69EB006EB9BC /* Info.plist */ = {isa = PBXFileReference; lastKnownFileType = text.plist.xml; path = Info.plist; sourceTree = "<group>"; };
		DF7C25E22B0E69EB006EB9BC /* Vega Wallet - Fairground.app */ = {isa = PBXFileReference; explicitFileType = wrapper.application; includeInIndex = 0; path = "Vega Wallet - Fairground.app"; sourceTree = BUILT_PRODUCTS_DIR; };
		DF7C25E42B0E69EB006EB9BC /* AppDelegate.swift */ = {isa = PBXFileReference; lastKnownFileType = sourcecode.swift; path = AppDelegate.swift; sourceTree = "<group>"; };
		DF7C25E72B0E69EB006EB9BC /* Base */ = {isa = PBXFileReference; lastKnownFileType = file.storyboard; name = Base; path = Base.lproj/Main.storyboard; sourceTree = "<group>"; };
		DF7C25E92B0E69EB006EB9BC /* Info.plist */ = {isa = PBXFileReference; lastKnownFileType = text.plist.xml; path = Info.plist; sourceTree = "<group>"; };
		DF7C25EA2B0E69EB006EB9BC /* Vega Wallet - Fairground.entitlements */ = {isa = PBXFileReference; lastKnownFileType = text.plist.entitlements; path = "Vega Wallet - Fairground.entitlements"; sourceTree = "<group>"; };
		DF7C25EF2B0E69EB006EB9BC /* Vega Wallet - Fairground Extension.appex */ = {isa = PBXFileReference; explicitFileType = "wrapper.app-extension"; includeInIndex = 0; path = "Vega Wallet - Fairground Extension.appex"; sourceTree = BUILT_PRODUCTS_DIR; };
		DF7C25F42B0E69EB006EB9BC /* Info.plist */ = {isa = PBXFileReference; lastKnownFileType = text.plist.xml; path = Info.plist; sourceTree = "<group>"; };
		DF7C25F92B0E69EB006EB9BC /* Vega Wallet - Fairground Extension.appex */ = {isa = PBXFileReference; explicitFileType = "wrapper.app-extension"; includeInIndex = 0; path = "Vega Wallet - Fairground Extension.appex"; sourceTree = BUILT_PRODUCTS_DIR; };
		DF7C25FE2B0E69EB006EB9BC /* Info.plist */ = {isa = PBXFileReference; lastKnownFileType = text.plist.xml; path = Info.plist; sourceTree = "<group>"; };
		DF7C25FF2B0E69EB006EB9BC /* Vega Wallet - Fairground.entitlements */ = {isa = PBXFileReference; lastKnownFileType = text.plist.entitlements; path = "Vega Wallet - Fairground.entitlements"; sourceTree = "<group>"; };
		DF7C261F2B0E69EB006EB9BC /* Fairground-64x64.png */ = {isa = PBXFileReference; lastKnownFileType = image.png; name = "Fairground-64x64.png"; path = "../../build/safari/Fairground-64x64.png"; sourceTree = "<group>"; };
		DF7C26202B0E69EB006EB9BC /* Mainnet-48x48.png */ = {isa = PBXFileReference; lastKnownFileType = image.png; name = "Mainnet-48x48.png"; path = "../../build/safari/Mainnet-48x48.png"; sourceTree = "<group>"; };
		DF7C26212B0E69EB006EB9BC /* Fairground-32x32.png */ = {isa = PBXFileReference; lastKnownFileType = image.png; name = "Fairground-32x32.png"; path = "../../build/safari/Fairground-32x32.png"; sourceTree = "<group>"; };
		DF7C26222B0E69EB006EB9BC /* popup.js */ = {isa = PBXFileReference; lastKnownFileType = sourcecode.javascript; name = popup.js; path = ../../build/safari/popup.js; sourceTree = "<group>"; };
		DF7C26232B0E69EB006EB9BC /* index.html */ = {isa = PBXFileReference; lastKnownFileType = text.html; name = index.html; path = ../../build/safari/index.html; sourceTree = "<group>"; };
		DF7C26242B0E69EB006EB9BC /* Mainnet-96x96.png */ = {isa = PBXFileReference; lastKnownFileType = image.png; name = "Mainnet-96x96.png"; path = "../../build/safari/Mainnet-96x96.png"; sourceTree = "<group>"; };
		DF7C26252B0E69EB006EB9BC /* background.js */ = {isa = PBXFileReference; lastKnownFileType = sourcecode.javascript; name = background.js; path = ../../build/safari/background.js; sourceTree = "<group>"; };
		DF7C26262B0E69EB006EB9BC /* Mainnet-64x64.png */ = {isa = PBXFileReference; lastKnownFileType = image.png; name = "Mainnet-64x64.png"; path = "../../build/safari/Mainnet-64x64.png"; sourceTree = "<group>"; };
		DF7C26272B0E69EB006EB9BC /* Fairground-48x48.png */ = {isa = PBXFileReference; lastKnownFileType = image.png; name = "Fairground-48x48.png"; path = "../../build/safari/Fairground-48x48.png"; sourceTree = "<group>"; };
		DF7C26282B0E69EB006EB9BC /* Mainnet-128x128.png */ = {isa = PBXFileReference; lastKnownFileType = image.png; name = "Mainnet-128x128.png"; path = "../../build/safari/Mainnet-128x128.png"; sourceTree = "<group>"; };
		DF7C26292B0E69EB006EB9BC /* chrome-pow.html */ = {isa = PBXFileReference; lastKnownFileType = text.html; name = "chrome-pow.html"; path = "../../build/safari/chrome-pow.html"; sourceTree = "<group>"; };
		DF7C262A2B0E69EB006EB9BC /* chrome-pow.js */ = {isa = PBXFileReference; lastKnownFileType = sourcecode.javascript; name = "chrome-pow.js"; path = "../../build/safari/chrome-pow.js"; sourceTree = "<group>"; };
		DF7C262B2B0E69EB006EB9BC /* Fairground-96x96.png */ = {isa = PBXFileReference; lastKnownFileType = image.png; name = "Fairground-96x96.png"; path = "../../build/safari/Fairground-96x96.png"; sourceTree = "<group>"; };
		DF7C262C2B0E69EB006EB9BC /* Mainnet-32x32.png */ = {isa = PBXFileReference; lastKnownFileType = image.png; name = "Mainnet-32x32.png"; path = "../../build/safari/Mainnet-32x32.png"; sourceTree = "<group>"; };
		DF7C262D2B0E69EB006EB9BC /* AlphaLyrae-Medium.woff2 */ = {isa = PBXFileReference; lastKnownFileType = file; name = "AlphaLyrae-Medium.woff2"; path = "../../build/safari/AlphaLyrae-Medium.woff2"; sourceTree = "<group>"; };
		DF7C262E2B0E69EB006EB9BC /* Fairground-128x128.png */ = {isa = PBXFileReference; lastKnownFileType = image.png; name = "Fairground-128x128.png"; path = "../../build/safari/Fairground-128x128.png"; sourceTree = "<group>"; };
		DF7C262F2B0E69EB006EB9BC /* pow-worker.js */ = {isa = PBXFileReference; lastKnownFileType = sourcecode.javascript; name = "pow-worker.js"; path = "../../build/safari/pow-worker.js"; sourceTree = "<group>"; };
		DF7C26302B0E69EB006EB9BC /* Mainnet-16x16.png */ = {isa = PBXFileReference; lastKnownFileType = image.png; name = "Mainnet-16x16.png"; path = "../../build/safari/Mainnet-16x16.png"; sourceTree = "<group>"; };
		DF7C26312B0E69EB006EB9BC /* manifest.json */ = {isa = PBXFileReference; lastKnownFileType = text.json; name = manifest.json; path = ../../build/safari/manifest.json; sourceTree = "<group>"; };
		DF7C26322B0E69EB006EB9BC /* question-mark.png */ = {isa = PBXFileReference; lastKnownFileType = image.png; name = "question-mark.png"; path = "../../build/safari/question-mark.png"; sourceTree = "<group>"; };
		DF7C26332B0E69EB006EB9BC /* content-script.js */ = {isa = PBXFileReference; lastKnownFileType = sourcecode.javascript; name = "content-script.js"; path = "../../build/safari/content-script.js"; sourceTree = "<group>"; };
		DF7C26342B0E69EB006EB9BC /* in-page.js */ = {isa = PBXFileReference; lastKnownFileType = sourcecode.javascript; name = "in-page.js"; path = "../../build/safari/in-page.js"; sourceTree = "<group>"; };
		DF7C26352B0E69EB006EB9BC /* Fairground-16x16.png */ = {isa = PBXFileReference; lastKnownFileType = image.png; name = "Fairground-16x16.png"; path = "../../build/safari/Fairground-16x16.png"; sourceTree = "<group>"; };
		DF7C26362B0E69EB006EB9BC /* stars.png */ = {isa = PBXFileReference; lastKnownFileType = image.png; name = stars.png; path = ../../build/safari/stars.png; sourceTree = "<group>"; };
/* End PBXFileReference section */

/* Begin PBXFrameworksBuildPhase section */
		DF7C25CD2B0E69EB006EB9BC /* Frameworks */ = {
			isa = PBXFrameworksBuildPhase;
			buildActionMask = 2147483647;
			files = (
			);
			runOnlyForDeploymentPostprocessing = 0;
		};
		DF7C25DF2B0E69EB006EB9BC /* Frameworks */ = {
			isa = PBXFrameworksBuildPhase;
			buildActionMask = 2147483647;
			files = (
			);
			runOnlyForDeploymentPostprocessing = 0;
		};
		DF7C25EC2B0E69EB006EB9BC /* Frameworks */ = {
			isa = PBXFrameworksBuildPhase;
			buildActionMask = 2147483647;
			files = (
			);
			runOnlyForDeploymentPostprocessing = 0;
		};
		DF7C25F62B0E69EB006EB9BC /* Frameworks */ = {
			isa = PBXFrameworksBuildPhase;
			buildActionMask = 2147483647;
			files = (
			);
			runOnlyForDeploymentPostprocessing = 0;
		};
/* End PBXFrameworksBuildPhase section */

/* Begin PBXGroup section */
		DF7C25BC2B0E69E9006EB9BC = {
			isa = PBXGroup;
			children = (
				DF7C25C12B0E69E9006EB9BC /* Shared (App) */,
				DF7C25CA2B0E69EA006EB9BC /* Shared (Extension) */,
				DF7C25D22B0E69EB006EB9BC /* iOS (App) */,
				DF7C25E32B0E69EB006EB9BC /* macOS (App) */,
				DF7C25F32B0E69EB006EB9BC /* iOS (Extension) */,
				DF7C25FD2B0E69EB006EB9BC /* macOS (Extension) */,
				DF7C25D12B0E69EB006EB9BC /* Products */,
			);
			sourceTree = "<group>";
		};
		DF7C25C12B0E69E9006EB9BC /* Shared (App) */ = {
			isa = PBXGroup;
			children = (
				DF7C25C82B0E69E9006EB9BC /* ViewController.swift */,
				DF7C25C92B0E69EA006EB9BC /* Assets.xcassets */,
				DF7C25C22B0E69E9006EB9BC /* Resources */,
			);
			path = "Shared (App)";
			sourceTree = "<group>";
		};
		DF7C25C22B0E69E9006EB9BC /* Resources */ = {
			isa = PBXGroup;
			children = (
				DF7C25C32B0E69E9006EB9BC /* Main.html */,
				DF7C25C52B0E69E9006EB9BC /* Icon.png */,
				DF7C25C62B0E69E9006EB9BC /* Style.css */,
				DF7C25C72B0E69E9006EB9BC /* Script.js */,
			);
			path = Resources;
			sourceTree = "<group>";
		};
		DF7C25CA2B0E69EA006EB9BC /* Shared (Extension) */ = {
			isa = PBXGroup;
			children = (
				DF7C261E2B0E69EB006EB9BC /* Resources */,
				DF7C25CB2B0E69EA006EB9BC /* SafariWebExtensionHandler.swift */,
			);
			path = "Shared (Extension)";
			sourceTree = "<group>";
		};
		DF7C25D12B0E69EB006EB9BC /* Products */ = {
			isa = PBXGroup;
			children = (
				DF7C25D02B0E69EB006EB9BC /* Vega Wallet - Fairground.app */,
				DF7C25E22B0E69EB006EB9BC /* Vega Wallet - Fairground.app */,
				DF7C25EF2B0E69EB006EB9BC /* Vega Wallet - Fairground Extension.appex */,
				DF7C25F92B0E69EB006EB9BC /* Vega Wallet - Fairground Extension.appex */,
			);
			name = Products;
			sourceTree = "<group>";
		};
		DF7C25D22B0E69EB006EB9BC /* iOS (App) */ = {
			isa = PBXGroup;
			children = (
				DF7C25D32B0E69EB006EB9BC /* AppDelegate.swift */,
				DF7C25D52B0E69EB006EB9BC /* SceneDelegate.swift */,
				DF7C25D72B0E69EB006EB9BC /* LaunchScreen.storyboard */,
				DF7C25DA2B0E69EB006EB9BC /* Main.storyboard */,
				DF7C25DD2B0E69EB006EB9BC /* Info.plist */,
			);
			path = "iOS (App)";
			sourceTree = "<group>";
		};
		DF7C25E32B0E69EB006EB9BC /* macOS (App) */ = {
			isa = PBXGroup;
			children = (
				DF7C25E42B0E69EB006EB9BC /* AppDelegate.swift */,
				DF7C25E62B0E69EB006EB9BC /* Main.storyboard */,
				DF7C25E92B0E69EB006EB9BC /* Info.plist */,
				DF7C25EA2B0E69EB006EB9BC /* Vega Wallet - Fairground.entitlements */,
			);
			path = "macOS (App)";
			sourceTree = "<group>";
		};
		DF7C25F32B0E69EB006EB9BC /* iOS (Extension) */ = {
			isa = PBXGroup;
			children = (
				DF7C25F42B0E69EB006EB9BC /* Info.plist */,
			);
			path = "iOS (Extension)";
			sourceTree = "<group>";
		};
		DF7C25FD2B0E69EB006EB9BC /* macOS (Extension) */ = {
			isa = PBXGroup;
			children = (
				DF7C25FE2B0E69EB006EB9BC /* Info.plist */,
				DF7C25FF2B0E69EB006EB9BC /* Vega Wallet - Fairground.entitlements */,
			);
			path = "macOS (Extension)";
			sourceTree = "<group>";
		};
		DF7C261E2B0E69EB006EB9BC /* Resources */ = {
			isa = PBXGroup;
			children = (
				DF7C261F2B0E69EB006EB9BC /* Fairground-64x64.png */,
				DF7C26202B0E69EB006EB9BC /* Mainnet-48x48.png */,
				DF7C26212B0E69EB006EB9BC /* Fairground-32x32.png */,
				DF7C26222B0E69EB006EB9BC /* popup.js */,
				DF7C26232B0E69EB006EB9BC /* index.html */,
				DF7C26242B0E69EB006EB9BC /* Mainnet-96x96.png */,
				DF7C26252B0E69EB006EB9BC /* background.js */,
				DF7C26262B0E69EB006EB9BC /* Mainnet-64x64.png */,
				DF7C26272B0E69EB006EB9BC /* Fairground-48x48.png */,
				DF7C26282B0E69EB006EB9BC /* Mainnet-128x128.png */,
				DF7C26292B0E69EB006EB9BC /* chrome-pow.html */,
				DF7C262A2B0E69EB006EB9BC /* chrome-pow.js */,
				DF7C262B2B0E69EB006EB9BC /* Fairground-96x96.png */,
				DF7C262C2B0E69EB006EB9BC /* Mainnet-32x32.png */,
				DF7C262D2B0E69EB006EB9BC /* AlphaLyrae-Medium.woff2 */,
				DF7C262E2B0E69EB006EB9BC /* Fairground-128x128.png */,
				DF7C262F2B0E69EB006EB9BC /* pow-worker.js */,
				DF7C26302B0E69EB006EB9BC /* Mainnet-16x16.png */,
				DF7C26312B0E69EB006EB9BC /* manifest.json */,
				DF7C26322B0E69EB006EB9BC /* question-mark.png */,
				DF7C26332B0E69EB006EB9BC /* content-script.js */,
				DF7C26342B0E69EB006EB9BC /* in-page.js */,
				DF7C26352B0E69EB006EB9BC /* Fairground-16x16.png */,
				DF7C26362B0E69EB006EB9BC /* stars.png */,
			);
			name = Resources;
			path = "Shared (Extension)";
			sourceTree = SOURCE_ROOT;
		};
/* End PBXGroup section */

/* Begin PBXNativeTarget section */
		DF7C25CF2B0E69EB006EB9BC /* Vega Wallet - Fairground (iOS) */ = {
			isa = PBXNativeTarget;
			buildConfigurationList = DF7C26142B0E69EB006EB9BC /* Build configuration list for PBXNativeTarget "Vega Wallet - Fairground (iOS)" */;
			buildPhases = (
				DF7C25CC2B0E69EB006EB9BC /* Sources */,
				DF7C25CD2B0E69EB006EB9BC /* Frameworks */,
				DF7C25CE2B0E69EB006EB9BC /* Resources */,
				DF7C26132B0E69EB006EB9BC /* Embed Foundation Extensions */,
			);
			buildRules = (
			);
			dependencies = (
				DF7C25F22B0E69EB006EB9BC /* PBXTargetDependency */,
			);
			name = "Vega Wallet - Fairground (iOS)";
			productName = "Vega Wallet - Fairground (iOS)";
			productReference = DF7C25D02B0E69EB006EB9BC /* Vega Wallet - Fairground.app */;
			productType = "com.apple.product-type.application";
		};
		DF7C25E12B0E69EB006EB9BC /* Vega Wallet - Fairground (macOS) */ = {
			isa = PBXNativeTarget;
			buildConfigurationList = DF7C261B2B0E69EB006EB9BC /* Build configuration list for PBXNativeTarget "Vega Wallet - Fairground (macOS)" */;
			buildPhases = (
				DF7C25DE2B0E69EB006EB9BC /* Sources */,
				DF7C25DF2B0E69EB006EB9BC /* Frameworks */,
				DF7C25E02B0E69EB006EB9BC /* Resources */,
				DF7C261A2B0E69EB006EB9BC /* Embed Foundation Extensions */,
			);
			buildRules = (
			);
			dependencies = (
				DF7C25FC2B0E69EB006EB9BC /* PBXTargetDependency */,
			);
			name = "Vega Wallet - Fairground (macOS)";
			productName = "Vega Wallet - Fairground (macOS)";
			productReference = DF7C25E22B0E69EB006EB9BC /* Vega Wallet - Fairground.app */;
			productType = "com.apple.product-type.application";
		};
		DF7C25EE2B0E69EB006EB9BC /* Vega Wallet - Fairground Extension (iOS) */ = {
			isa = PBXNativeTarget;
			buildConfigurationList = DF7C26102B0E69EB006EB9BC /* Build configuration list for PBXNativeTarget "Vega Wallet - Fairground Extension (iOS)" */;
			buildPhases = (
				DF7C25EB2B0E69EB006EB9BC /* Sources */,
				DF7C25EC2B0E69EB006EB9BC /* Frameworks */,
				DF7C25ED2B0E69EB006EB9BC /* Resources */,
			);
			buildRules = (
			);
			dependencies = (
			);
			name = "Vega Wallet - Fairground Extension (iOS)";
			productName = "Vega Wallet - Fairground Extension (iOS)";
			productReference = DF7C25EF2B0E69EB006EB9BC /* Vega Wallet - Fairground Extension.appex */;
			productType = "com.apple.product-type.app-extension";
		};
		DF7C25F82B0E69EB006EB9BC /* Vega Wallet - Fairground Extension (macOS) */ = {
			isa = PBXNativeTarget;
			buildConfigurationList = DF7C26172B0E69EB006EB9BC /* Build configuration list for PBXNativeTarget "Vega Wallet - Fairground Extension (macOS)" */;
			buildPhases = (
				DF7C25F52B0E69EB006EB9BC /* Sources */,
				DF7C25F62B0E69EB006EB9BC /* Frameworks */,
				DF7C25F72B0E69EB006EB9BC /* Resources */,
			);
			buildRules = (
			);
			dependencies = (
			);
			name = "Vega Wallet - Fairground Extension (macOS)";
			productName = "Vega Wallet - Fairground Extension (macOS)";
			productReference = DF7C25F92B0E69EB006EB9BC /* Vega Wallet - Fairground Extension.appex */;
			productType = "com.apple.product-type.app-extension";
		};
/* End PBXNativeTarget section */

/* Begin PBXProject section */
		DF7C25BD2B0E69E9006EB9BC /* Project object */ = {
			isa = PBXProject;
			attributes = {
				BuildIndependentTargetsInParallel = 1;
				LastSwiftUpdateCheck = 1500;
				LastUpgradeCheck = 1500;
				TargetAttributes = {
					DF7C25CF2B0E69EB006EB9BC = {
						CreatedOnToolsVersion = 15.0.1;
					};
					DF7C25E12B0E69EB006EB9BC = {
						CreatedOnToolsVersion = 15.0.1;
					};
					DF7C25EE2B0E69EB006EB9BC = {
						CreatedOnToolsVersion = 15.0.1;
					};
					DF7C25F82B0E69EB006EB9BC = {
						CreatedOnToolsVersion = 15.0.1;
					};
				};
			};
			buildConfigurationList = DF7C25C02B0E69E9006EB9BC /* Build configuration list for PBXProject "Vega Wallet - Fairground" */;
			compatibilityVersion = "Xcode 14.0";
			developmentRegion = en;
			hasScannedForEncodings = 0;
			knownRegions = (
				en,
				Base,
			);
			mainGroup = DF7C25BC2B0E69E9006EB9BC;
			productRefGroup = DF7C25D12B0E69EB006EB9BC /* Products */;
			projectDirPath = "";
			projectRoot = "";
			targets = (
				DF7C25CF2B0E69EB006EB9BC /* Vega Wallet - Fairground (iOS) */,
				DF7C25E12B0E69EB006EB9BC /* Vega Wallet - Fairground (macOS) */,
				DF7C25EE2B0E69EB006EB9BC /* Vega Wallet - Fairground Extension (iOS) */,
				DF7C25F82B0E69EB006EB9BC /* Vega Wallet - Fairground Extension (macOS) */,
			);
		};
/* End PBXProject section */

/* Begin PBXResourcesBuildPhase section */
		DF7C25CE2B0E69EB006EB9BC /* Resources */ = {
			isa = PBXResourcesBuildPhase;
			buildActionMask = 2147483647;
			files = (
				DF7C26022B0E69EB006EB9BC /* Icon.png in Resources */,
				DF7C25D92B0E69EB006EB9BC /* LaunchScreen.storyboard in Resources */,
				DF7C26002B0E69EB006EB9BC /* Main.html in Resources */,
				DF7C26062B0E69EB006EB9BC /* Script.js in Resources */,
				DF7C260A2B0E69EB006EB9BC /* Assets.xcassets in Resources */,
				DF7C25DC2B0E69EB006EB9BC /* Main.storyboard in Resources */,
				DF7C26042B0E69EB006EB9BC /* Style.css in Resources */,
			);
			runOnlyForDeploymentPostprocessing = 0;
		};
		DF7C25E02B0E69EB006EB9BC /* Resources */ = {
			isa = PBXResourcesBuildPhase;
			buildActionMask = 2147483647;
			files = (
				DF7C26032B0E69EB006EB9BC /* Icon.png in Resources */,
				DF7C26052B0E69EB006EB9BC /* Style.css in Resources */,
				DF7C25E82B0E69EB006EB9BC /* Main.storyboard in Resources */,
				DF7C26072B0E69EB006EB9BC /* Script.js in Resources */,
				DF7C260B2B0E69EB006EB9BC /* Assets.xcassets in Resources */,
				DF7C26012B0E69EB006EB9BC /* Main.html in Resources */,
			);
			runOnlyForDeploymentPostprocessing = 0;
		};
		DF7C25ED2B0E69EB006EB9BC /* Resources */ = {
			isa = PBXResourcesBuildPhase;
			buildActionMask = 2147483647;
			files = (
				DF7C26622B0E69EB006EB9BC /* question-mark.png in Resources */,
				DF7C26662B0E69EB006EB9BC /* stars.png in Resources */,
				DF7C26532B0E69EB006EB9BC /* index.html in Resources */,
				DF7C265D2B0E69EB006EB9BC /* AlphaLyrae-Medium.woff2 in Resources */,
				DF7C26582B0E69EB006EB9BC /* Mainnet-128x128.png in Resources */,
				DF7C26562B0E69EB006EB9BC /* Mainnet-64x64.png in Resources */,
				DF7C26592B0E69EB006EB9BC /* chrome-pow.html in Resources */,
				DF7C265E2B0E69EB006EB9BC /* Fairground-128x128.png in Resources */,
				DF7C26612B0E69EB006EB9BC /* manifest.json in Resources */,
				DF7C265F2B0E69EB006EB9BC /* pow-worker.js in Resources */,
				DF7C26602B0E69EB006EB9BC /* Mainnet-16x16.png in Resources */,
				DF7C26642B0E69EB006EB9BC /* in-page.js in Resources */,
				DF7C264F2B0E69EB006EB9BC /* Fairground-64x64.png in Resources */,
				DF7C265A2B0E69EB006EB9BC /* chrome-pow.js in Resources */,
				DF7C26552B0E69EB006EB9BC /* background.js in Resources */,
				DF7C26512B0E69EB006EB9BC /* Fairground-32x32.png in Resources */,
				DF7C26632B0E69EB006EB9BC /* content-script.js in Resources */,
				DF7C26502B0E69EB006EB9BC /* Mainnet-48x48.png in Resources */,
				DF7C265C2B0E69EB006EB9BC /* Mainnet-32x32.png in Resources */,
				DF7C26522B0E69EB006EB9BC /* popup.js in Resources */,
				DF7C265B2B0E69EB006EB9BC /* Fairground-96x96.png in Resources */,
				DF7C26652B0E69EB006EB9BC /* Fairground-16x16.png in Resources */,
				DF7C26542B0E69EB006EB9BC /* Mainnet-96x96.png in Resources */,
				DF7C26572B0E69EB006EB9BC /* Fairground-48x48.png in Resources */,
			);
			runOnlyForDeploymentPostprocessing = 0;
		};
		DF7C25F72B0E69EB006EB9BC /* Resources */ = {
			isa = PBXResourcesBuildPhase;
			buildActionMask = 2147483647;
			files = (
				DF7C264A2B0E69EB006EB9BC /* question-mark.png in Resources */,
				DF7C264E2B0E69EB006EB9BC /* stars.png in Resources */,
				DF7C263B2B0E69EB006EB9BC /* index.html in Resources */,
				DF7C26452B0E69EB006EB9BC /* AlphaLyrae-Medium.woff2 in Resources */,
				DF7C26402B0E69EB006EB9BC /* Mainnet-128x128.png in Resources */,
				DF7C263E2B0E69EB006EB9BC /* Mainnet-64x64.png in Resources */,
				DF7C26412B0E69EB006EB9BC /* chrome-pow.html in Resources */,
				DF7C26462B0E69EB006EB9BC /* Fairground-128x128.png in Resources */,
				DF7C26492B0E69EB006EB9BC /* manifest.json in Resources */,
				DF7C26472B0E69EB006EB9BC /* pow-worker.js in Resources */,
				DF7C26482B0E69EB006EB9BC /* Mainnet-16x16.png in Resources */,
				DF7C264C2B0E69EB006EB9BC /* in-page.js in Resources */,
				DF7C26372B0E69EB006EB9BC /* Fairground-64x64.png in Resources */,
				DF7C26422B0E69EB006EB9BC /* chrome-pow.js in Resources */,
				DF7C263D2B0E69EB006EB9BC /* background.js in Resources */,
				DF7C26392B0E69EB006EB9BC /* Fairground-32x32.png in Resources */,
				DF7C264B2B0E69EB006EB9BC /* content-script.js in Resources */,
				DF7C26382B0E69EB006EB9BC /* Mainnet-48x48.png in Resources */,
				DF7C26442B0E69EB006EB9BC /* Mainnet-32x32.png in Resources */,
				DF7C263A2B0E69EB006EB9BC /* popup.js in Resources */,
				DF7C26432B0E69EB006EB9BC /* Fairground-96x96.png in Resources */,
				DF7C264D2B0E69EB006EB9BC /* Fairground-16x16.png in Resources */,
				DF7C263C2B0E69EB006EB9BC /* Mainnet-96x96.png in Resources */,
				DF7C263F2B0E69EB006EB9BC /* Fairground-48x48.png in Resources */,
			);
			runOnlyForDeploymentPostprocessing = 0;
		};
/* End PBXResourcesBuildPhase section */

/* Begin PBXSourcesBuildPhase section */
		DF7C25CC2B0E69EB006EB9BC /* Sources */ = {
			isa = PBXSourcesBuildPhase;
			buildActionMask = 2147483647;
			files = (
				DF7C26082B0E69EB006EB9BC /* ViewController.swift in Sources */,
				DF7C25D42B0E69EB006EB9BC /* AppDelegate.swift in Sources */,
				DF7C25D62B0E69EB006EB9BC /* SceneDelegate.swift in Sources */,
			);
			runOnlyForDeploymentPostprocessing = 0;
		};
		DF7C25DE2B0E69EB006EB9BC /* Sources */ = {
			isa = PBXSourcesBuildPhase;
			buildActionMask = 2147483647;
			files = (
				DF7C26092B0E69EB006EB9BC /* ViewController.swift in Sources */,
				DF7C25E52B0E69EB006EB9BC /* AppDelegate.swift in Sources */,
			);
			runOnlyForDeploymentPostprocessing = 0;
		};
		DF7C25EB2B0E69EB006EB9BC /* Sources */ = {
			isa = PBXSourcesBuildPhase;
			buildActionMask = 2147483647;
			files = (
				DF7C260C2B0E69EB006EB9BC /* SafariWebExtensionHandler.swift in Sources */,
			);
			runOnlyForDeploymentPostprocessing = 0;
		};
		DF7C25F52B0E69EB006EB9BC /* Sources */ = {
			isa = PBXSourcesBuildPhase;
			buildActionMask = 2147483647;
			files = (
				DF7C260D2B0E69EB006EB9BC /* SafariWebExtensionHandler.swift in Sources */,
			);
			runOnlyForDeploymentPostprocessing = 0;
		};
/* End PBXSourcesBuildPhase section */

/* Begin PBXTargetDependency section */
		DF7C25F22B0E69EB006EB9BC /* PBXTargetDependency */ = {
			isa = PBXTargetDependency;
			target = DF7C25EE2B0E69EB006EB9BC /* Vega Wallet - Fairground Extension (iOS) */;
			targetProxy = DF7C25F12B0E69EB006EB9BC /* PBXContainerItemProxy */;
		};
		DF7C25FC2B0E69EB006EB9BC /* PBXTargetDependency */ = {
			isa = PBXTargetDependency;
			target = DF7C25F82B0E69EB006EB9BC /* Vega Wallet - Fairground Extension (macOS) */;
			targetProxy = DF7C25FB2B0E69EB006EB9BC /* PBXContainerItemProxy */;
		};
/* End PBXTargetDependency section */

/* Begin PBXVariantGroup section */
		DF7C25C32B0E69E9006EB9BC /* Main.html */ = {
			isa = PBXVariantGroup;
			children = (
				DF7C25C42B0E69E9006EB9BC /* Base */,
			);
			name = Main.html;
			sourceTree = "<group>";
		};
		DF7C25D72B0E69EB006EB9BC /* LaunchScreen.storyboard */ = {
			isa = PBXVariantGroup;
			children = (
				DF7C25D82B0E69EB006EB9BC /* Base */,
			);
			name = LaunchScreen.storyboard;
			sourceTree = "<group>";
		};
		DF7C25DA2B0E69EB006EB9BC /* Main.storyboard */ = {
			isa = PBXVariantGroup;
			children = (
				DF7C25DB2B0E69EB006EB9BC /* Base */,
			);
			name = Main.storyboard;
			sourceTree = "<group>";
		};
		DF7C25E62B0E69EB006EB9BC /* Main.storyboard */ = {
			isa = PBXVariantGroup;
			children = (
				DF7C25E72B0E69EB006EB9BC /* Base */,
			);
			name = Main.storyboard;
			sourceTree = "<group>";
		};
/* End PBXVariantGroup section */

/* Begin XCBuildConfiguration section */
		DF7C260E2B0E69EB006EB9BC /* Debug */ = {
			isa = XCBuildConfiguration;
			buildSettings = {
				ALWAYS_SEARCH_USER_PATHS = NO;
				ASSETCATALOG_COMPILER_GENERATE_SWIFT_ASSET_SYMBOL_EXTENSIONS = YES;
				CLANG_ANALYZER_NONNULL = YES;
				CLANG_ANALYZER_NUMBER_OBJECT_CONVERSION = YES_AGGRESSIVE;
				CLANG_CXX_LANGUAGE_STANDARD = "gnu++20";
				CLANG_ENABLE_MODULES = YES;
				CLANG_ENABLE_OBJC_ARC = YES;
				CLANG_ENABLE_OBJC_WEAK = YES;
				CLANG_WARN_BLOCK_CAPTURE_AUTORELEASING = YES;
				CLANG_WARN_BOOL_CONVERSION = YES;
				CLANG_WARN_COMMA = YES;
				CLANG_WARN_CONSTANT_CONVERSION = YES;
				CLANG_WARN_DEPRECATED_OBJC_IMPLEMENTATIONS = YES;
				CLANG_WARN_DIRECT_OBJC_ISA_USAGE = YES_ERROR;
				CLANG_WARN_DOCUMENTATION_COMMENTS = YES;
				CLANG_WARN_EMPTY_BODY = YES;
				CLANG_WARN_ENUM_CONVERSION = YES;
				CLANG_WARN_INFINITE_RECURSION = YES;
				CLANG_WARN_INT_CONVERSION = YES;
				CLANG_WARN_NON_LITERAL_NULL_CONVERSION = YES;
				CLANG_WARN_OBJC_IMPLICIT_RETAIN_SELF = YES;
				CLANG_WARN_OBJC_LITERAL_CONVERSION = YES;
				CLANG_WARN_OBJC_ROOT_CLASS = YES_ERROR;
				CLANG_WARN_QUOTED_INCLUDE_IN_FRAMEWORK_HEADER = YES;
				CLANG_WARN_RANGE_LOOP_ANALYSIS = YES;
				CLANG_WARN_STRICT_PROTOTYPES = YES;
				CLANG_WARN_SUSPICIOUS_MOVE = YES;
				CLANG_WARN_UNGUARDED_AVAILABILITY = YES_AGGRESSIVE;
				CLANG_WARN_UNREACHABLE_CODE = YES;
				CLANG_WARN__DUPLICATE_METHOD_MATCH = YES;
				COPY_PHASE_STRIP = NO;
				DEBUG_INFORMATION_FORMAT = dwarf;
				ENABLE_STRICT_OBJC_MSGSEND = YES;
				ENABLE_TESTABILITY = YES;
				ENABLE_USER_SCRIPT_SANDBOXING = YES;
				GCC_C_LANGUAGE_STANDARD = gnu17;
				GCC_DYNAMIC_NO_PIC = NO;
				GCC_NO_COMMON_BLOCKS = YES;
				GCC_OPTIMIZATION_LEVEL = 0;
				GCC_PREPROCESSOR_DEFINITIONS = (
					"DEBUG=1",
					"$(inherited)",
				);
				GCC_WARN_64_TO_32_BIT_CONVERSION = YES;
				GCC_WARN_ABOUT_RETURN_TYPE = YES_ERROR;
				GCC_WARN_UNDECLARED_SELECTOR = YES;
				GCC_WARN_UNINITIALIZED_AUTOS = YES_AGGRESSIVE;
				GCC_WARN_UNUSED_FUNCTION = YES;
				GCC_WARN_UNUSED_VARIABLE = YES;
				LOCALIZATION_PREFERS_STRING_CATALOGS = YES;
				MTL_ENABLE_DEBUG_INFO = INCLUDE_SOURCE;
				MTL_FAST_MATH = YES;
				ONLY_ACTIVE_ARCH = YES;
				SWIFT_ACTIVE_COMPILATION_CONDITIONS = "DEBUG $(inherited)";
				SWIFT_OPTIMIZATION_LEVEL = "-Onone";
			};
			name = Debug;
		};
		DF7C260F2B0E69EB006EB9BC /* Release */ = {
			isa = XCBuildConfiguration;
			buildSettings = {
				ALWAYS_SEARCH_USER_PATHS = NO;
				ASSETCATALOG_COMPILER_GENERATE_SWIFT_ASSET_SYMBOL_EXTENSIONS = YES;
				CLANG_ANALYZER_NONNULL = YES;
				CLANG_ANALYZER_NUMBER_OBJECT_CONVERSION = YES_AGGRESSIVE;
				CLANG_CXX_LANGUAGE_STANDARD = "gnu++20";
				CLANG_ENABLE_MODULES = YES;
				CLANG_ENABLE_OBJC_ARC = YES;
				CLANG_ENABLE_OBJC_WEAK = YES;
				CLANG_WARN_BLOCK_CAPTURE_AUTORELEASING = YES;
				CLANG_WARN_BOOL_CONVERSION = YES;
				CLANG_WARN_COMMA = YES;
				CLANG_WARN_CONSTANT_CONVERSION = YES;
				CLANG_WARN_DEPRECATED_OBJC_IMPLEMENTATIONS = YES;
				CLANG_WARN_DIRECT_OBJC_ISA_USAGE = YES_ERROR;
				CLANG_WARN_DOCUMENTATION_COMMENTS = YES;
				CLANG_WARN_EMPTY_BODY = YES;
				CLANG_WARN_ENUM_CONVERSION = YES;
				CLANG_WARN_INFINITE_RECURSION = YES;
				CLANG_WARN_INT_CONVERSION = YES;
				CLANG_WARN_NON_LITERAL_NULL_CONVERSION = YES;
				CLANG_WARN_OBJC_IMPLICIT_RETAIN_SELF = YES;
				CLANG_WARN_OBJC_LITERAL_CONVERSION = YES;
				CLANG_WARN_OBJC_ROOT_CLASS = YES_ERROR;
				CLANG_WARN_QUOTED_INCLUDE_IN_FRAMEWORK_HEADER = YES;
				CLANG_WARN_RANGE_LOOP_ANALYSIS = YES;
				CLANG_WARN_STRICT_PROTOTYPES = YES;
				CLANG_WARN_SUSPICIOUS_MOVE = YES;
				CLANG_WARN_UNGUARDED_AVAILABILITY = YES_AGGRESSIVE;
				CLANG_WARN_UNREACHABLE_CODE = YES;
				CLANG_WARN__DUPLICATE_METHOD_MATCH = YES;
				COPY_PHASE_STRIP = NO;
				DEBUG_INFORMATION_FORMAT = "dwarf-with-dsym";
				ENABLE_NS_ASSERTIONS = NO;
				ENABLE_STRICT_OBJC_MSGSEND = YES;
				ENABLE_USER_SCRIPT_SANDBOXING = YES;
				GCC_C_LANGUAGE_STANDARD = gnu17;
				GCC_NO_COMMON_BLOCKS = YES;
				GCC_WARN_64_TO_32_BIT_CONVERSION = YES;
				GCC_WARN_ABOUT_RETURN_TYPE = YES_ERROR;
				GCC_WARN_UNDECLARED_SELECTOR = YES;
				GCC_WARN_UNINITIALIZED_AUTOS = YES_AGGRESSIVE;
				GCC_WARN_UNUSED_FUNCTION = YES;
				GCC_WARN_UNUSED_VARIABLE = YES;
				LOCALIZATION_PREFERS_STRING_CATALOGS = YES;
				MTL_ENABLE_DEBUG_INFO = NO;
				MTL_FAST_MATH = YES;
				SWIFT_COMPILATION_MODE = wholemodule;
			};
			name = Release;
		};
		DF7C26112B0E69EB006EB9BC /* Debug */ = {
			isa = XCBuildConfiguration;
			buildSettings = {
				CODE_SIGN_STYLE = Automatic;
				CURRENT_PROJECT_VERSION = 1;
				DEVELOPMENT_TEAM = KZZ5BWD7JV;
				GENERATE_INFOPLIST_FILE = YES;
				INFOPLIST_FILE = "iOS (Extension)/Info.plist";
				INFOPLIST_KEY_CFBundleDisplayName = "Vega Wallet - Fairground Extension";
				INFOPLIST_KEY_NSHumanReadableCopyright = "";
				IPHONEOS_DEPLOYMENT_TARGET = 15.0;
				LD_RUNPATH_SEARCH_PATHS = (
					"$(inherited)",
					"@executable_path/Frameworks",
					"@executable_path/../../Frameworks",
				);
				MARKETING_VERSION = 1.0;
				OTHER_LDFLAGS = (
					"-framework",
					SafariServices,
				);
				PRODUCT_BUNDLE_IDENTIFIER = "com.yourCompany.Vega-Wallet---Fairground.Extension";
				PRODUCT_NAME = "Vega Wallet - Fairground Extension";
				SDKROOT = iphoneos;
				SKIP_INSTALL = YES;
				SWIFT_EMIT_LOC_STRINGS = YES;
				SWIFT_VERSION = 5.0;
				TARGETED_DEVICE_FAMILY = "1,2";
			};
			name = Debug;
		};
		DF7C26122B0E69EB006EB9BC /* Release */ = {
			isa = XCBuildConfiguration;
			buildSettings = {
				CODE_SIGN_STYLE = Automatic;
				CURRENT_PROJECT_VERSION = 1;
				DEVELOPMENT_TEAM = KZZ5BWD7JV;
				GENERATE_INFOPLIST_FILE = YES;
				INFOPLIST_FILE = "iOS (Extension)/Info.plist";
				INFOPLIST_KEY_CFBundleDisplayName = "Vega Wallet - Fairground Extension";
				INFOPLIST_KEY_NSHumanReadableCopyright = "";
				IPHONEOS_DEPLOYMENT_TARGET = 15.0;
				LD_RUNPATH_SEARCH_PATHS = (
					"$(inherited)",
					"@executable_path/Frameworks",
					"@executable_path/../../Frameworks",
				);
				MARKETING_VERSION = 1.0;
				OTHER_LDFLAGS = (
					"-framework",
					SafariServices,
				);
				PRODUCT_BUNDLE_IDENTIFIER = "com.yourCompany.Vega-Wallet---Fairground.Extension";
				PRODUCT_NAME = "Vega Wallet - Fairground Extension";
				SDKROOT = iphoneos;
				SKIP_INSTALL = YES;
				SWIFT_EMIT_LOC_STRINGS = YES;
				SWIFT_VERSION = 5.0;
				TARGETED_DEVICE_FAMILY = "1,2";
				VALIDATE_PRODUCT = YES;
			};
			name = Release;
		};
		DF7C26152B0E69EB006EB9BC /* Debug */ = {
			isa = XCBuildConfiguration;
			buildSettings = {
				ALWAYS_EMBED_SWIFT_STANDARD_LIBRARIES = YES;
				ASSETCATALOG_COMPILER_APPICON_NAME = AppIcon;
				ASSETCATALOG_COMPILER_GLOBAL_ACCENT_COLOR_NAME = AccentColor;
				CODE_SIGN_STYLE = Automatic;
				CURRENT_PROJECT_VERSION = 1;
				DEVELOPMENT_TEAM = KZZ5BWD7JV;
				GENERATE_INFOPLIST_FILE = YES;
				INFOPLIST_FILE = "iOS (App)/Info.plist";
				INFOPLIST_KEY_CFBundleDisplayName = "Vega Wallet - Fairground";
				INFOPLIST_KEY_UIApplicationSupportsIndirectInputEvents = YES;
				INFOPLIST_KEY_UILaunchStoryboardName = LaunchScreen;
				INFOPLIST_KEY_UIMainStoryboardFile = Main;
				INFOPLIST_KEY_UISupportedInterfaceOrientations = "UIInterfaceOrientationPortrait UIInterfaceOrientationLandscapeLeft UIInterfaceOrientationLandscapeRight";
				INFOPLIST_KEY_UISupportedInterfaceOrientations_iPad = "UIInterfaceOrientationPortrait UIInterfaceOrientationPortraitUpsideDown UIInterfaceOrientationLandscapeLeft UIInterfaceOrientationLandscapeRight";
				IPHONEOS_DEPLOYMENT_TARGET = 15.0;
				LD_RUNPATH_SEARCH_PATHS = (
					"$(inherited)",
					"@executable_path/Frameworks",
				);
				MARKETING_VERSION = 1.0;
				OTHER_LDFLAGS = (
					"-framework",
					SafariServices,
					"-framework",
					WebKit,
				);
				PRODUCT_BUNDLE_IDENTIFIER = "com.yourCompany.Vega-Wallet---Fairground";
				PRODUCT_NAME = "Vega Wallet - Fairground";
				SDKROOT = iphoneos;
				SWIFT_EMIT_LOC_STRINGS = YES;
				SWIFT_VERSION = 5.0;
				TARGETED_DEVICE_FAMILY = "1,2";
			};
			name = Debug;
		};
		DF7C26162B0E69EB006EB9BC /* Release */ = {
			isa = XCBuildConfiguration;
			buildSettings = {
				ALWAYS_EMBED_SWIFT_STANDARD_LIBRARIES = YES;
				ASSETCATALOG_COMPILER_APPICON_NAME = AppIcon;
				ASSETCATALOG_COMPILER_GLOBAL_ACCENT_COLOR_NAME = AccentColor;
				CODE_SIGN_STYLE = Automatic;
				CURRENT_PROJECT_VERSION = 1;
				DEVELOPMENT_TEAM = KZZ5BWD7JV;
				GENERATE_INFOPLIST_FILE = YES;
				INFOPLIST_FILE = "iOS (App)/Info.plist";
				INFOPLIST_KEY_CFBundleDisplayName = "Vega Wallet - Fairground";
				INFOPLIST_KEY_UIApplicationSupportsIndirectInputEvents = YES;
				INFOPLIST_KEY_UILaunchStoryboardName = LaunchScreen;
				INFOPLIST_KEY_UIMainStoryboardFile = Main;
				INFOPLIST_KEY_UISupportedInterfaceOrientations = "UIInterfaceOrientationPortrait UIInterfaceOrientationLandscapeLeft UIInterfaceOrientationLandscapeRight";
				INFOPLIST_KEY_UISupportedInterfaceOrientations_iPad = "UIInterfaceOrientationPortrait UIInterfaceOrientationPortraitUpsideDown UIInterfaceOrientationLandscapeLeft UIInterfaceOrientationLandscapeRight";
				IPHONEOS_DEPLOYMENT_TARGET = 15.0;
				LD_RUNPATH_SEARCH_PATHS = (
					"$(inherited)",
					"@executable_path/Frameworks",
				);
				MARKETING_VERSION = 1.0;
				OTHER_LDFLAGS = (
					"-framework",
					SafariServices,
					"-framework",
					WebKit,
				);
				PRODUCT_BUNDLE_IDENTIFIER = "com.yourCompany.Vega-Wallet---Fairground";
				PRODUCT_NAME = "Vega Wallet - Fairground";
				SDKROOT = iphoneos;
				SWIFT_EMIT_LOC_STRINGS = YES;
				SWIFT_VERSION = 5.0;
				TARGETED_DEVICE_FAMILY = "1,2";
				VALIDATE_PRODUCT = YES;
			};
			name = Release;
		};
		DF7C26182B0E69EB006EB9BC /* Debug */ = {
			isa = XCBuildConfiguration;
			buildSettings = {
				CODE_SIGN_ENTITLEMENTS = "macOS (Extension)/Vega Wallet - Fairground.entitlements";
				CODE_SIGN_STYLE = Automatic;
				CURRENT_PROJECT_VERSION = 1;
				ENABLE_HARDENED_RUNTIME = YES;
				GENERATE_INFOPLIST_FILE = YES;
				INFOPLIST_FILE = "macOS (Extension)/Info.plist";
				INFOPLIST_KEY_CFBundleDisplayName = "Vega Wallet - Fairground Extension";
				INFOPLIST_KEY_NSHumanReadableCopyright = "";
				LD_RUNPATH_SEARCH_PATHS = (
					"$(inherited)",
					"@executable_path/../Frameworks",
					"@executable_path/../../../../Frameworks",
				);
				MACOSX_DEPLOYMENT_TARGET = 10.14;
				MARKETING_VERSION = 1.0;
				OTHER_LDFLAGS = (
					"-framework",
					SafariServices,
				);
				PRODUCT_BUNDLE_IDENTIFIER = "com.yourCompany.Vega-Wallet---Fairground.Extension";
				PRODUCT_NAME = "Vega Wallet - Fairground Extension";
				SDKROOT = macosx;
				SKIP_INSTALL = YES;
				SWIFT_EMIT_LOC_STRINGS = YES;
				SWIFT_VERSION = 5.0;
			};
			name = Debug;
		};
		DF7C26192B0E69EB006EB9BC /* Release */ = {
			isa = XCBuildConfiguration;
			buildSettings = {
				CODE_SIGN_ENTITLEMENTS = "macOS (Extension)/Vega Wallet - Fairground.entitlements";
				CODE_SIGN_STYLE = Automatic;
				CURRENT_PROJECT_VERSION = 1;
				ENABLE_HARDENED_RUNTIME = YES;
				GENERATE_INFOPLIST_FILE = YES;
				INFOPLIST_FILE = "macOS (Extension)/Info.plist";
				INFOPLIST_KEY_CFBundleDisplayName = "Vega Wallet - Fairground Extension";
				INFOPLIST_KEY_NSHumanReadableCopyright = "";
				LD_RUNPATH_SEARCH_PATHS = (
					"$(inherited)",
					"@executable_path/../Frameworks",
					"@executable_path/../../../../Frameworks",
				);
				MACOSX_DEPLOYMENT_TARGET = 10.14;
				MARKETING_VERSION = 1.0;
				OTHER_LDFLAGS = (
					"-framework",
					SafariServices,
				);
				PRODUCT_BUNDLE_IDENTIFIER = "com.yourCompany.Vega-Wallet---Fairground.Extension";
				PRODUCT_NAME = "Vega Wallet - Fairground Extension";
				SDKROOT = macosx;
				SKIP_INSTALL = YES;
				SWIFT_EMIT_LOC_STRINGS = YES;
				SWIFT_VERSION = 5.0;
			};
			name = Release;
		};
		DF7C261C2B0E69EB006EB9BC /* Debug */ = {
			isa = XCBuildConfiguration;
			buildSettings = {
				ALWAYS_EMBED_SWIFT_STANDARD_LIBRARIES = YES;
				ASSETCATALOG_COMPILER_APPICON_NAME = AppIcon;
				ASSETCATALOG_COMPILER_GLOBAL_ACCENT_COLOR_NAME = AccentColor;
				CODE_SIGN_ENTITLEMENTS = "macOS (App)/Vega Wallet - Fairground.entitlements";
				CODE_SIGN_STYLE = Automatic;
				CURRENT_PROJECT_VERSION = 1;
				ENABLE_HARDENED_RUNTIME = YES;
				GENERATE_INFOPLIST_FILE = YES;
				INFOPLIST_FILE = "macOS (App)/Info.plist";
				INFOPLIST_KEY_CFBundleDisplayName = "Vega Wallet - Fairground";
				INFOPLIST_KEY_NSMainStoryboardFile = Main;
				INFOPLIST_KEY_NSPrincipalClass = NSApplication;
				LD_RUNPATH_SEARCH_PATHS = (
					"$(inherited)",
					"@executable_path/../Frameworks",
				);
				MACOSX_DEPLOYMENT_TARGET = 10.14;
				MARKETING_VERSION = 1.0;
				OTHER_LDFLAGS = (
					"-framework",
					SafariServices,
					"-framework",
					WebKit,
				);
				PRODUCT_BUNDLE_IDENTIFIER = "com.yourCompany.Vega-Wallet---Fairground";
				PRODUCT_NAME = "Vega Wallet - Fairground";
				SDKROOT = macosx;
				SWIFT_EMIT_LOC_STRINGS = YES;
				SWIFT_VERSION = 5.0;
			};
			name = Debug;
		};
		DF7C261D2B0E69EB006EB9BC /* Release */ = {
			isa = XCBuildConfiguration;
			buildSettings = {
				ALWAYS_EMBED_SWIFT_STANDARD_LIBRARIES = YES;
				ASSETCATALOG_COMPILER_APPICON_NAME = AppIcon;
				ASSETCATALOG_COMPILER_GLOBAL_ACCENT_COLOR_NAME = AccentColor;
				CODE_SIGN_ENTITLEMENTS = "macOS (App)/Vega Wallet - Fairground.entitlements";
				CODE_SIGN_STYLE = Automatic;
				CURRENT_PROJECT_VERSION = 1;
				ENABLE_HARDENED_RUNTIME = YES;
				GENERATE_INFOPLIST_FILE = YES;
				INFOPLIST_FILE = "macOS (App)/Info.plist";
				INFOPLIST_KEY_CFBundleDisplayName = "Vega Wallet - Fairground";
				INFOPLIST_KEY_NSMainStoryboardFile = Main;
				INFOPLIST_KEY_NSPrincipalClass = NSApplication;
				LD_RUNPATH_SEARCH_PATHS = (
					"$(inherited)",
					"@executable_path/../Frameworks",
				);
				MACOSX_DEPLOYMENT_TARGET = 10.14;
				MARKETING_VERSION = 1.0;
				OTHER_LDFLAGS = (
					"-framework",
					SafariServices,
					"-framework",
					WebKit,
				);
				PRODUCT_BUNDLE_IDENTIFIER = "com.yourCompany.Vega-Wallet---Fairground";
				PRODUCT_NAME = "Vega Wallet - Fairground";
				SDKROOT = macosx;
				SWIFT_EMIT_LOC_STRINGS = YES;
				SWIFT_VERSION = 5.0;
			};
			name = Release;
		};
/* End XCBuildConfiguration section */

/* Begin XCConfigurationList section */
		DF7C25C02B0E69E9006EB9BC /* Build configuration list for PBXProject "Vega Wallet - Fairground" */ = {
			isa = XCConfigurationList;
			buildConfigurations = (
				DF7C260E2B0E69EB006EB9BC /* Debug */,
				DF7C260F2B0E69EB006EB9BC /* Release */,
			);
			defaultConfigurationIsVisible = 0;
			defaultConfigurationName = Release;
		};
		DF7C26102B0E69EB006EB9BC /* Build configuration list for PBXNativeTarget "Vega Wallet - Fairground Extension (iOS)" */ = {
			isa = XCConfigurationList;
			buildConfigurations = (
				DF7C26112B0E69EB006EB9BC /* Debug */,
				DF7C26122B0E69EB006EB9BC /* Release */,
			);
			defaultConfigurationIsVisible = 0;
			defaultConfigurationName = Release;
		};
		DF7C26142B0E69EB006EB9BC /* Build configuration list for PBXNativeTarget "Vega Wallet - Fairground (iOS)" */ = {
			isa = XCConfigurationList;
			buildConfigurations = (
				DF7C26152B0E69EB006EB9BC /* Debug */,
				DF7C26162B0E69EB006EB9BC /* Release */,
			);
			defaultConfigurationIsVisible = 0;
			defaultConfigurationName = Release;
		};
		DF7C26172B0E69EB006EB9BC /* Build configuration list for PBXNativeTarget "Vega Wallet - Fairground Extension (macOS)" */ = {
			isa = XCConfigurationList;
			buildConfigurations = (
				DF7C26182B0E69EB006EB9BC /* Debug */,
				DF7C26192B0E69EB006EB9BC /* Release */,
			);
			defaultConfigurationIsVisible = 0;
			defaultConfigurationName = Release;
		};
		DF7C261B2B0E69EB006EB9BC /* Build configuration list for PBXNativeTarget "Vega Wallet - Fairground (macOS)" */ = {
			isa = XCConfigurationList;
			buildConfigurations = (
				DF7C261C2B0E69EB006EB9BC /* Debug */,
				DF7C261D2B0E69EB006EB9BC /* Release */,
			);
			defaultConfigurationIsVisible = 0;
			defaultConfigurationName = Release;
		};
/* End XCConfigurationList section */
	};
	rootObject = DF7C25BD2B0E69E9006EB9BC /* Project object */;
}
